// !$*UTF8*$!
{
	archiveVersion = 1;
	classes = {
	};
	objectVersion = 77;
	objects = {

/* Begin PBXBuildFile section */
		A1000001E44000000000001 /* NatureData.swift in Sources */ = {isa = PBXBuildFile; fileRef = A1000002E44000000000001 /* NatureData.swift */; };
		A1000003E44000000000001 /* AbilityData.swift in Sources */ = {isa = PBXBuildFile; fileRef = A1000004E44000000000001 /* AbilityData.swift */; };
		A1000005E44000000000001 /* EVIVData.swift in Sources */ = {isa = PBXBuildFile; fileRef = A1000006E44000000000001 /* EVIVData.swift */; };
		A1000007E44000000000001 /* BreedingData.swift in Sources */ = {isa = PBXBuildFile; fileRef = A1000008E44000000000001 /* BreedingData.swift */; };
		A1000009E44000000000001 /* BerryData.swift in Sources */ = {isa = PBXBuildFile; fileRef = A1000010E44000000000001 /* BerryData.swift */; };
		A1000011E44000000000001 /* ItemData.swift in Sources */ = {isa = PBXBuildFile; fileRef = A1000012E44000000000001 /* ItemData.swift */; };
		A1000013E44000000000001 /* ComprehensiveFetcher.swift in Sources */ = {isa = PBXBuildFile; fileRef = A1000014E44000000000001 /* ComprehensiveFetcher.swift */; };
		A1000015E44000000000001 /* TrainingView.swift in Sources */ = {isa = PBXBuildFile; fileRef = A1000016E44000000000001 /* TrainingView.swift */; };
		C3253D642E43023C002B742E /* PokemonForms.swift in Sources */ = {isa = PBXBuildFile; fileRef = C3253D632E43023C002B742E /* PokemonForms.swift */; };
		C3253D692E430274002B742E /* CelebrationAnimations.swift in Sources */ = {isa = PBXBuildFile; fileRef = C3253D652E430274002B742E /* CelebrationAnimations.swift */; };
		C3253D6A2E430274002B742E /* CompleteInfoDisplay.swift in Sources */ = {isa = PBXBuildFile; fileRef = C3253D662E430274002B742E /* CompleteInfoDisplay.swift */; };
		C3253D6B2E430274002B742E /* WeaknessResistanceCard.swift in Sources */ = {isa = PBXBuildFile; fileRef = C3253D682E430274002B742E /* WeaknessResistanceCard.swift */; };
		C3253D6C2E430274002B742E /* FormSwitcher.swift in Sources */ = {isa = PBXBuildFile; fileRef = C3253D672E430274002B742E /* FormSwitcher.swift */; };
		C3253D6E2E43263E002B742E /* ShinyPokemonView.swift in Sources */ = {isa = PBXBuildFile; fileRef = C3253D6D2E43263E002B742E /* ShinyPokemonView.swift */; };
		C3253D702E432929002B742E /* QuantumSearchEngine.swift in Sources */ = {isa = PBXBuildFile; fileRef = C3253D6F2E432929002B742E /* QuantumSearchEngine.swift */; };
		C3253D722E432933002B742E /* QuantumSearchView.swift in Sources */ = {isa = PBXBuildFile; fileRef = C3253D712E432933002B742E /* QuantumSearchView.swift */; };
		C3253D742E432C05002B742E /* PokeballData.swift in Sources */ = {isa = PBXBuildFile; fileRef = C3253D732E432C05002B742E /* PokeballData.swift */; };
		C3253D762E432C21002B742E /* PokeballCollectionView.swift in Sources */ = {isa = PBXBuildFile; fileRef = C3253D752E432C21002B742E /* PokeballCollectionView.swift */; };
		C3253D782E432F35002B742E /* PokemonCatchRateCard.swift in Sources */ = {isa = PBXBuildFile; fileRef = C3253D772E432F35002B742E /* PokemonCatchRateCard.swift */; };
		C3253D7E2E4394E5002B742E /* MoveData.swift in Sources */ = {isa = PBXBuildFile; fileRef = C3253D7D2E4394E5002B742E /* MoveData.swift */; };
		C3253D802E4394F5002B742E /* PokemonPickerView.swift in Sources */ = {isa = PBXBuildFile; fileRef = C3253D7F2E4394F5002B742E /* PokemonPickerView.swift */; };
		C3253D842E439515002B742E /* MoveDetailView.swift in Sources */ = {isa = PBXBuildFile; fileRef = C3253D822E439515002B742E /* MoveDetailView.swift */; };
		C3253D852E439515002B742E /* DamageCalculatorView.swift in Sources */ = {isa = PBXBuildFile; fileRef = C3253D812E439515002B742E /* DamageCalculatorView.swift */; };
		C3253D862E439515002B742E /* MoveEncyclopediaView.swift in Sources */ = {isa = PBXBuildFile; fileRef = C3253D832E439515002B742E /* MoveEncyclopediaView.swift */; };
		C3253D882E4398E3002B742E /* MoveDataFetcher.swift in Sources */ = {isa = PBXBuildFile; fileRef = C3253D872E4398E3002B742E /* MoveDataFetcher.swift */; };
		C3253D8A2E4398F4002B742E /* PokemonMovesDetailSection.swift in Sources */ = {isa = PBXBuildFile; fileRef = C3253D892E4398F4002B742E /* PokemonMovesDetailSection.swift */; };
		C3253D8C2E439B12002B742E /* MoveTypeBadge.swift in Sources */ = {isa = PBXBuildFile; fileRef = C3253D8B2E439B12002B742E /* MoveTypeBadge.swift */; };
		C3253DC02E43DF19002B742E /* BerryFetcher.swift in Sources */ = {isa = PBXBuildFile; fileRef = C3253DBF2E43DF19002B742E /* BerryFetcher.swift */; };
		C3253DC32E43DF28002B742E /* BerryListView.swift in Sources */ = {isa = PBXBuildFile; fileRef = C3253DC22E43DF28002B742E /* BerryListView.swift */; };
		C3253DC42E43DF28002B742E /* BerryDetailView.swift in Sources */ = {isa = PBXBuildFile; fileRef = C3253DC12E43DF28002B742E /* BerryDetailView.swift */; };
		C3253DC72E43E506002B742E /* GymBadgeData.swift in Sources */ = {isa = PBXBuildFile; fileRef = C3253DC62E43E506002B742E /* GymBadgeData.swift */; };
		C3253DC82E43E506002B742E /* CharacterData.swift in Sources */ = {isa = PBXBuildFile; fileRef = C3253DC52E43E506002B742E /* CharacterData.swift */; };
		C3253DCE2E43E522002B742E /* GymBadgeListView.swift in Sources */ = {isa = PBXBuildFile; fileRef = C3253DCC2E43E522002B742E /* GymBadgeListView.swift */; };
		C3253DCF2E43E522002B742E /* CharacterListView.swift in Sources */ = {isa = PBXBuildFile; fileRef = C3253DCA2E43E522002B742E /* CharacterListView.swift */; };
		C3253DD02E43E522002B742E /* GymBadgeDetailView.swift in Sources */ = {isa = PBXBuildFile; fileRef = C3253DCB2E43E522002B742E /* GymBadgeDetailView.swift */; };
		C3253DD42E43E9D9002B742E /* CharacterDetailView.swift in Sources */ = {isa = PBXBuildFile; fileRef = C3253DD32E43E9D9002B742E /* CharacterDetailView.swift */; };
		C3253DED2E443813002B742E /* AdvancedDNAShaders.metal in Sources */ = {isa = PBXBuildFile; fileRef = C3253DEC2E443813002B742E /* AdvancedDNAShaders.metal */; };
		C3253DF22E443912002B742E /* Advanced3DDNAHelixView.swift in Sources */ = {isa = PBXBuildFile; fileRef = C3253DEE2E443912002B742E /* Advanced3DDNAHelixView.swift */; };
		C3253DF32E443912002B742E /* EnhancedDNAHelixViewer.swift in Sources */ = {isa = PBXBuildFile; fileRef = C3253DF02E443912002B742E /* EnhancedDNAHelixViewer.swift */; };
		C3253DF42E443912002B742E /* DNAViewModel.swift in Sources */ = {isa = PBXBuildFile; fileRef = C3253DEF2E443912002B742E /* DNAViewModel.swift */; };
		C3253DF52E443912002B742E /* UltraDNAHelixView.swift in Sources */ = {isa = PBXBuildFile; fileRef = C3253DF12E443912002B742E /* UltraDNAHelixView.swift */; };
		C32CB5B12E418AD6001583AF /* ComparisonViewModel.swift in Sources */ = {isa = PBXBuildFile; fileRef = C32CB5A52E418AD6001583AF /* ComparisonViewModel.swift */; };
		C32CB5B22E418AD6001583AF /* ComparisonChart.swift in Sources */ = {isa = PBXBuildFile; fileRef = C32CB5A32E418AD6001583AF /* ComparisonChart.swift */; };
		C32CB5B62E418AD6001583AF /* ComparisonView.swift in Sources */ = {isa = PBXBuildFile; fileRef = C32CB5A42E418AD6001583AF /* ComparisonView.swift */; };
		C32CB5B72E418AD6001583AF /* ComparisonCard.swift in Sources */ = {isa = PBXBuildFile; fileRef = C32CB5A22E418AD6001583AF /* ComparisonCard.swift */; };
		C32CB5B92E418AD6001583AF /* SizeComparisonView.swift in Sources */ = {isa = PBXBuildFile; fileRef = C32CB5A62E418AD6001583AF /* SizeComparisonView.swift */; };
		C32CB5BE2E418AF4001583AF /* ComparisonQueries.swift in Sources */ = {isa = PBXBuildFile; fileRef = C32CB5BB2E418AF4001583AF /* ComparisonQueries.swift */; };
		C36019A62E3E9488000BE42C /* TypeFlow.swift in Sources */ = {isa = PBXBuildFile; fileRef = C36019A52E3E9488000BE42C /* TypeFlow.swift */; };
		C36019A72E3E9488000BE42C /* NeuralFlowMapView.swift in Sources */ = {isa = PBXBuildFile; fileRef = C36019A12E3E9488000BE42C /* NeuralFlowMapView.swift */; };
		C36019A82E3E9488000BE42C /* StarFieldView.swift in Sources */ = {isa = PBXBuildFile; fileRef = C36019A42E3E9488000BE42C /* StarFieldView.swift */; };
		C36019A92E3E9488000BE42C /* RegionNode.swift in Sources */ = {isa = PBXBuildFile; fileRef = C36019A32E3E9488000BE42C /* RegionNode.swift */; };
		C36019AA2E3E9488000BE42C /* RegionBubbleCard.swift in Sources */ = {isa = PBXBuildFile; fileRef = C36019A22E3E9488000BE42C /* RegionBubbleCard.swift */; };
		C36019AB2E3E9489000BE42C /* MapSprite.swift in Sources */ = {isa = PBXBuildFile; fileRef = C36019A62E3E9489000BE42C /* MapSprite.swift */; };
		C36019AC2E3E9489000BE42C /* SpriteRenderer.swift in Sources */ = {isa = PBXBuildFile; fileRef = C36019A72E3E9489000BE42C /* SpriteRenderer.swift */; };
		C37525E62E3D61A200505277 /* Assets.xcassets in Resources */ = {isa = PBXBuildFile; fileRef = C37525E32E3D61A200505277 /* Assets.xcassets */; };
		C37525E72E3D61A200505277 /* LuminaDexApp.swift in Sources */ = {isa = PBXBuildFile; fileRef = C37525E12E3D61A200505277 /* LuminaDexApp.swift */; };
		C37525E82E3D61A200505277 /* ContentView.swift in Sources */ = {isa = PBXBuildFile; fileRef = C37525E42E3D61A200505277 /* ContentView.swift */; };
		C37525EF2E3D62A500505277 /* ThemeManager.swift in Sources */ = {isa = PBXBuildFile; fileRef = C37525EE2E3D62A100505277 /* ThemeManager.swift */; };
		C37525F92E3D73A000505277 /* Pokemon.swift in Sources */ = {isa = PBXBuildFile; fileRef = C37525F82E3D739D00505277 /* Pokemon.swift */; };
		C37525FB2E3D74B100505277 /* PokemonType.swift in Sources */ = {isa = PBXBuildFile; fileRef = C37525FA2E3D74AF00505277 /* PokemonType.swift */; };
		C37525FD2E3D757100505277 /* Region.swift in Sources */ = {isa = PBXBuildFile; fileRef = C37525FC2E3D756E00505277 /* Region.swift */; };
		C37525FF2E3D75A200505277 /* Stats.swift in Sources */ = {isa = PBXBuildFile; fileRef = C37525FE2E3D759F00505277 /* Stats.swift */; };
		C37526012E3D764100505277 /* PokemonAPI.swift in Sources */ = {isa = PBXBuildFile; fileRef = C37526002E3D763C00505277 /* PokemonAPI.swift */; };
		C37526032E3D771200505277 /* PokemonRepository.swift in Sources */ = {isa = PBXBuildFile; fileRef = C37526022E3D771000505277 /* PokemonRepository.swift */; };
		C37CA8F32E3EB198002F20DB /* CompanionSprite.swift in Sources */ = {isa = PBXBuildFile; fileRef = C37CA8F12E3EB198002F20DB /* CompanionSprite.swift */; };
		C37CA8F42E3EB198002F20DB /* CompanionSystem.swift in Sources */ = {isa = PBXBuildFile; fileRef = C37CA8F22E3EB198002F20DB /* CompanionSystem.swift */; };
		C37CA8F52E3EB198002F20DB /* CompanionSelectionView.swift in Sources */ = {isa = PBXBuildFile; fileRef = C37CA8F02E3EB198002F20DB /* CompanionSelectionView.swift */; };
		C37CA8F72E3EB21F002F20DB /* CompanionData.swift in Sources */ = {isa = PBXBuildFile; fileRef = C37CA8F62E3EB21F002F20DB /* CompanionData.swift */; };
		C37CA8FA2E3EB6A2002F20DB /* LegendaryGuardians.swift in Sources */ = {isa = PBXBuildFile; fileRef = C37CA8F82E3EB6A2002F20DB /* LegendaryGuardians.swift */; };
		C37CA8FB2E3EB6A2002F20DB /* MigrationSystem.swift in Sources */ = {isa = PBXBuildFile; fileRef = C37CA8F92E3EB6A2002F20DB /* MigrationSystem.swift */; };
		C37CA8FD2E3EBECB002F20DB /* DynamicIslandManager.swift in Sources */ = {isa = PBXBuildFile; fileRef = C37CA8FC2E3EBEC9002F20DB /* DynamicIslandManager.swift */; };
		C37CA8FF2E3EE597002F20DB /* DNAHelixViewer.swift in Sources */ = {isa = PBXBuildFile; fileRef = C37CA8FE2E3EE58B002F20DB /* DNAHelixViewer.swift */; };
		C37CA9012E3EE5B3002F20DB /* MetalDNAHelixView.swift in Sources */ = {isa = PBXBuildFile; fileRef = C37CA9002E3EE5B1002F20DB /* MetalDNAHelixView.swift */; };
		C37CA9032E3EE5FA002F20DB /* DNAShaders.metal in Sources */ = {isa = PBXBuildFile; fileRef = C37CA9022E3EE5FA002F20DB /* DNAShaders.metal */; };
		C37CA9052E3EE9EE002F20DB /* PokemonDetailView.swift in Sources */ = {isa = PBXBuildFile; fileRef = C37CA9042E3EE9ED002F20DB /* PokemonDetailView.swift */; };
		C37CA9072E3EEEFE002F20DB /* EvolutionChainView.swift in Sources */ = {isa = PBXBuildFile; fileRef = C37CA9062E3EEEFC002F20DB /* EvolutionChainView.swift */; };
		C392A1552E4076D700A1C052 /* GRDB in Frameworks */ = {isa = PBXBuildFile; productRef = C392A1542E4076D700A1C052 /* GRDB */; };
		C3B900042E40736D0041E5E4 /* SwiftUICharts in Frameworks */ = {isa = PBXBuildFile; productRef = C3B900032E40736D0041E5E4 /* SwiftUICharts */; };
		C3B900062E40736D0041E5E4 /* Liquid in Frameworks */ = {isa = PBXBuildFile; productRef = C3B900052E40736D0041E5E4 /* Liquid */; };
		C3B900082E40736D0041E5E4 /* ActivityIndicatorView in Frameworks */ = {isa = PBXBuildFile; productRef = C3B900072E40736D0041E5E4 /* ActivityIndicatorView */; };
		C3B9000A2E40736D0041E5E4 /* Inject in Frameworks */ = {isa = PBXBuildFile; productRef = C3B900092E40736D0041E5E4 /* Inject */; };
		C3B9FF792E3FD07C0041E5E4 /* TypeEffectivenessView.swift in Sources */ = {isa = PBXBuildFile; fileRef = C3B9FF782E3FD07B0041E5E4 /* TypeEffectivenessView.swift */; };
		C3B9FF7B2E3FD42E0041E5E4 /* PokemonSearchView.swift in Sources */ = {isa = PBXBuildFile; fileRef = C3B9FF7A2E3FD42D0041E5E4 /* PokemonSearchView.swift */; };
		C3B9FF7D2E3FEA730041E5E4 /* AlakazamAssistant.swift in Sources */ = {isa = PBXBuildFile; fileRef = C3B9FF7C2E3FEA710041E5E4 /* AlakazamAssistant.swift */; };
		C3B9FF7F2E3FFBCA0041E5E4 /* CollectionView.swift in Sources */ = {isa = PBXBuildFile; fileRef = C3B9FF7E2E3FFBC80041E5E4 /* CollectionView.swift */; };
		C3B9FF812E3FFC670041E5E4 /* CollectionViewModel.swift in Sources */ = {isa = PBXBuildFile; fileRef = C3B9FF802E3FFC660041E5E4 /* CollectionViewModel.swift */; };
		C3B9FF832E3FFCE00041E5E4 /* PokemonGridCard.swift in Sources */ = {isa = PBXBuildFile; fileRef = C3B9FF822E3FFCDE0041E5E4 /* PokemonGridCard.swift */; };
		C3B9FF852E3FFCFA0041E5E4 /* PokemonListCard.swift in Sources */ = {isa = PBXBuildFile; fileRef = C3B9FF842E3FFCF80041E5E4 /* PokemonListCard.swift */; };
		C3B9FF872E3FFD470041E5E4 /* CollectionComponents.swift in Sources */ = {isa = PBXBuildFile; fileRef = C3B9FF862E3FFD460041E5E4 /* CollectionComponents.swift */; };
		C3B9FF892E3FFD840041E5E4 /* Pokemon+Collection.swift in Sources */ = {isa = PBXBuildFile; fileRef = C3B9FF882E3FFD810041E5E4 /* Pokemon+Collection.swift */; };
		C3B9FF8B2E4002280041E5E4 /* NeuralNetworkBackground.swift in Sources */ = {isa = PBXBuildFile; fileRef = C3B9FF8A2E4002280041E5E4 /* NeuralNetworkBackground.swift */; };
		C3B9FF8D2E40022F0041E5E4 /* AchievementsView.swift in Sources */ = {isa = PBXBuildFile; fileRef = C3B9FF8C2E40022F0041E5E4 /* AchievementsView.swift */; };
		C3B9FF8F2E40082F0041E5E4 /* ProfileView.swift in Sources */ = {isa = PBXBuildFile; fileRef = C3B9FF8E2E40082F0041E5E4 /* ProfileView.swift */; };
		C3B9FF962E402D500041E5E4 /* RadarChart.swift in Sources */ = {isa = PBXBuildFile; fileRef = C3B9FF952E402D4F0041E5E4 /* RadarChart.swift */; };
		C3B9FF982E4034E50041E5E4 /* MLBarCharts.swift in Sources */ = {isa = PBXBuildFile; fileRef = C3B9FF972E4034E40041E5E4 /* MLBarCharts.swift */; };
		C3B9FF9A2E40364E0041E5E4 /* InteractiveChartSystem.swift in Sources */ = {isa = PBXBuildFile; fileRef = C3B9FF992E40364D0041E5E4 /* InteractiveChartSystem.swift */; };
		C3B9FF9C2E4038280041E5E4 /* TypeRelationshipNetwork.swift in Sources */ = {isa = PBXBuildFile; fileRef = C3B9FF9B2E4038270041E5E4 /* TypeRelationshipNetwork.swift */; };
		C3B9FF9E2E4039260041E5E4 /* EvolutionTrees.swift in Sources */ = {isa = PBXBuildFile; fileRef = C3B9FF9D2E4039240041E5E4 /* EvolutionTrees.swift */; };
		C3B9FFA02E4040930041E5E4 /* EvolutionPerformanceManager.swift in Sources */ = {isa = PBXBuildFile; fileRef = C3B9FF9F2E4040920041E5E4 /* EvolutionPerformanceManager.swift */; };
		C3B9FFB52E4071FF0041E5E4 /* DataLoadingView.swift in Sources */ = {isa = PBXBuildFile; fileRef = C3B9FFB42E4071FF0041E5E4 /* DataLoadingView.swift */; };
		C3B9FFBB2E4072150041E5E4 /* PokemonDataFetcher.swift in Sources */ = {isa = PBXBuildFile; fileRef = C3B9FFBA2E4072150041E5E4 /* PokemonDataFetcher.swift */; };
		C3B9FFBC2E4072150041E5E4 /* ImageManager.swift in Sources */ = {isa = PBXBuildFile; fileRef = C3B9FFB92E4072150041E5E4 /* ImageManager.swift */; };
		C3B9FFBD2E4072150041E5E4 /* DatabaseRecords.swift in Sources */ = {isa = PBXBuildFile; fileRef = C3B9FFB82E4072150041E5E4 /* DatabaseRecords.swift */; };
		C3B9FFBE2E4072150041E5E4 /* DatabaseManager.swift in Sources */ = {isa = PBXBuildFile; fileRef = C3B9FFB62E4072150041E5E4 /* DatabaseManager.swift */; };
		C3B9FFBF2E4072150041E5E4 /* DatabaseMigrations.swift in Sources */ = {isa = PBXBuildFile; fileRef = C3B9FFB72E4072150041E5E4 /* DatabaseMigrations.swift */; };
		C3B9FFC22E40736D0041E5E4 /* Lottie in Frameworks */ = {isa = PBXBuildFile; productRef = C3B9FFC12E40736D0041E5E4 /* Lottie */; };
		C3B9FFC72E40736D0041E5E4 /* Hero in Frameworks */ = {isa = PBXBuildFile; productRef = C3B9FFC62E40736D0041E5E4 /* Hero */; };
		C3B9FFC92E40736D0041E5E4 /* SwiftUIIntrospect in Frameworks */ = {isa = PBXBuildFile; productRef = C3B9FFC82E40736D0041E5E4 /* SwiftUIIntrospect */; };
		C3B9FFCE2E40736D0041E5E4 /* SwiftUIIntrospect-Static in Frameworks */ = {isa = PBXBuildFile; productRef = C3B9FFCD2E40736D0041E5E4 /* SwiftUIIntrospect-Static */; };
		C3B9FFD02E40736D0041E5E4 /* PopupView in Frameworks */ = {isa = PBXBuildFile; productRef = C3B9FFCF2E40736D0041E5E4 /* PopupView */; };
		C3B9FFD22E40736D0041E5E4 /* Nuke in Frameworks */ = {isa = PBXBuildFile; productRef = C3B9FFD12E40736D0041E5E4 /* Nuke */; };
		C3B9FFD42E40736D0041E5E4 /* NukeExtensions in Frameworks */ = {isa = PBXBuildFile; productRef = C3B9FFD32E40736D0041E5E4 /* NukeExtensions */; };
		C3B9FFD62E40736D0041E5E4 /* NukeUI in Frameworks */ = {isa = PBXBuildFile; productRef = C3B9FFD52E40736D0041E5E4 /* NukeUI */; };
		C3B9FFD82E40736D0041E5E4 /* NukeVideo in Frameworks */ = {isa = PBXBuildFile; productRef = C3B9FFD72E40736D0041E5E4 /* NukeVideo */; };
		C3B9FFE12E40736D0041E5E4 /* AsyncAlgorithms in Frameworks */ = {isa = PBXBuildFile; productRef = C3B9FFE02E40736D0041E5E4 /* AsyncAlgorithms */; };
		C3B9FFE32E40736D0041E5E4 /* Shimmer in Frameworks */ = {isa = PBXBuildFile; productRef = C3B9FFE22E40736D0041E5E4 /* Shimmer */; };
		C3B9FFE52E40736D0041E5E4 /* WhatsNewKit in Frameworks */ = {isa = PBXBuildFile; productRef = C3B9FFE42E40736D0041E5E4 /* WhatsNewKit */; };
		C3B9FFE72E40736D0041E5E4 /* ConfettiSwiftUI in Frameworks */ = {isa = PBXBuildFile; productRef = C3B9FFE62E40736D0041E5E4 /* ConfettiSwiftUI */; };
		C3B9FFE92E40736D0041E5E4 /* Pow in Frameworks */ = {isa = PBXBuildFile; productRef = C3B9FFE82E40736D0041E5E4 /* Pow */; };
		C3B9FFEB2E40736D0041E5E4 /* Wave in Frameworks */ = {isa = PBXBuildFile; productRef = C3B9FFEA2E40736D0041E5E4 /* Wave */; };
		C3B9FFED2E40736D0041E5E4 /* WrappingHStack in Frameworks */ = {isa = PBXBuildFile; productRef = C3B9FFEC2E40736D0041E5E4 /* WrappingHStack */; };
		C3B9FFEF2E40736D0041E5E4 /* SwiftUIX in Frameworks */ = {isa = PBXBuildFile; productRef = C3B9FFEE2E40736D0041E5E4 /* SwiftUIX */; };
		C3B9FFF12E40736D0041E5E4 /* KeychainAccess in Frameworks */ = {isa = PBXBuildFile; productRef = C3B9FFF02E40736D0041E5E4 /* KeychainAccess */; };
		C3B9FFF32E40736D0041E5E4 /* Pulse in Frameworks */ = {isa = PBXBuildFile; productRef = C3B9FFF22E40736D0041E5E4 /* Pulse */; };
		C3B9FFF52E40736D0041E5E4 /* PulseProxy in Frameworks */ = {isa = PBXBuildFile; productRef = C3B9FFF42E40736D0041E5E4 /* PulseProxy */; };
		C3B9FFF72E40736D0041E5E4 /* PulseUI in Frameworks */ = {isa = PBXBuildFile; productRef = C3B9FFF62E40736D0041E5E4 /* PulseUI */; };
		C3B9FFFD2E40736D0041E5E4 /* CachedAsyncImage in Frameworks */ = {isa = PBXBuildFile; productRef = C3B9FFFC2E40736D0041E5E4 /* CachedAsyncImage */; };
		C3B9FFFF2E40736D0041E5E4 /* DGCharts in Frameworks */ = {isa = PBXBuildFile; productRef = C3B9FFFE2E40736D0041E5E4 /* DGCharts */; };
		C3F932852E42F0BF0035999C /* KeychainManager.swift in Sources */ = {isa = PBXBuildFile; fileRef = C3F932832E42F0BF0035999C /* KeychainManager.swift */; };
		C3F932862E42F0BF0035999C /* PersistentViewModel.swift in Sources */ = {isa = PBXBuildFile; fileRef = C3F932842E42F0BF0035999C /* PersistentViewModel.swift */; };
		C3F932872E42F0BF0035999C /* DefaultsKeys.swift in Sources */ = {isa = PBXBuildFile; fileRef = C3F932822E42F0BF0035999C /* DefaultsKeys.swift */; };
		C3F932892E42F0CF0035999C /* FilterQueries.swift in Sources */ = {isa = PBXBuildFile; fileRef = C3F932882E42F0CF0035999C /* FilterQueries.swift */; };
		C3F9328D2E42F0EF0035999C /* FilterViewModel.swift in Sources */ = {isa = PBXBuildFile; fileRef = C3F9328B2E42F0EF0035999C /* FilterViewModel.swift */; };
		C3F9328E2E42F0EF0035999C /* FilterView.swift in Sources */ = {isa = PBXBuildFile; fileRef = C3F9328A2E42F0EF0035999C /* FilterView.swift */; };
		C3F9329A2E42F10B0035999C /* TypeBadgeView.swift in Sources */ = {isa = PBXBuildFile; fileRef = C3F932982E42F10B0035999C /* TypeBadgeView.swift */; };
		C3F9329B2E42F10B0035999C /* MovesSection.swift in Sources */ = {isa = PBXBuildFile; fileRef = C3F932972E42F10B0035999C /* MovesSection.swift */; };
		C3F9329C2E42F10B0035999C /* ShimmerModifier.swift in Sources */ = {isa = PBXBuildFile; fileRef = C3F932922E42F10B0035999C /* ShimmerModifier.swift */; };
		C3F9329D2E42F10B0035999C /* PokemonCardShimmer.swift in Sources */ = {isa = PBXBuildFile; fileRef = C3F932912E42F10B0035999C /* PokemonCardShimmer.swift */; };
		C3F9329E2E42F10B0035999C /* AbilityCloudView.swift in Sources */ = {isa = PBXBuildFile; fileRef = C3F932942E42F10B0035999C /* AbilityCloudView.swift */; };
		C3F9329F2E42F10B0035999C /* FilterModal.swift in Sources */ = {isa = PBXBuildFile; fileRef = C3F932962E42F10B0035999C /* FilterModal.swift */; };
		C3F932A02E42F10B0035999C /* TypedActivityIndicator.swift in Sources */ = {isa = PBXBuildFile; fileRef = C3F9328F2E42F10B0035999C /* TypedActivityIndicator.swift */; };
		C3F932A12E42F10B0035999C /* EnhancedSearchBar.swift in Sources */ = {isa = PBXBuildFile; fileRef = C3F932952E42F10B0035999C /* EnhancedSearchBar.swift */; };
/* End PBXBuildFile section */

/* Begin PBXContainerItemProxy section */
		C37525C02E3D5E9600505277 /* PBXContainerItemProxy */ = {
			isa = PBXContainerItemProxy;
			containerPortal = C37525AA2E3D5E9500505277 /* Project object */;
			proxyType = 1;
			remoteGlobalIDString = C37525B12E3D5E9500505277;
			remoteInfo = LuminaDex;
		};
		C37525CA2E3D5E9600505277 /* PBXContainerItemProxy */ = {
			isa = PBXContainerItemProxy;
			containerPortal = C37525AA2E3D5E9500505277 /* Project object */;
			proxyType = 1;
			remoteGlobalIDString = C37525B12E3D5E9500505277;
			remoteInfo = LuminaDex;
		};
/* End PBXContainerItemProxy section */

/* Begin PBXCopyFilesBuildPhase section */
		C3B9000B2E40736D0041E5E4 /* Embed Frameworks */ = {
			isa = PBXCopyFilesBuildPhase;
			buildActionMask = 2147483647;
			dstPath = "";
			dstSubfolderSpec = 10;
			files = (
			);
			name = "Embed Frameworks";
			runOnlyForDeploymentPostprocessing = 0;
		};
/* End PBXCopyFilesBuildPhase section */

/* Begin PBXFileReference section */
		A1000002E44000000000001 /* NatureData.swift */ = {isa = PBXFileReference; lastKnownFileType = sourcecode.swift; path = NatureData.swift; sourceTree = "<group>"; };
		A1000004E44000000000001 /* AbilityData.swift */ = {isa = PBXFileReference; lastKnownFileType = sourcecode.swift; path = AbilityData.swift; sourceTree = "<group>"; };
		A1000006E44000000000001 /* EVIVData.swift */ = {isa = PBXFileReference; lastKnownFileType = sourcecode.swift; path = EVIVData.swift; sourceTree = "<group>"; };
		A1000008E44000000000001 /* BreedingData.swift */ = {isa = PBXFileReference; lastKnownFileType = sourcecode.swift; path = BreedingData.swift; sourceTree = "<group>"; };
		A1000010E44000000000001 /* BerryData.swift */ = {isa = PBXFileReference; lastKnownFileType = sourcecode.swift; path = BerryData.swift; sourceTree = "<group>"; };
		A1000012E44000000000001 /* ItemData.swift */ = {isa = PBXFileReference; lastKnownFileType = sourcecode.swift; path = ItemData.swift; sourceTree = "<group>"; };
		A1000014E44000000000001 /* ComprehensiveFetcher.swift */ = {isa = PBXFileReference; lastKnownFileType = sourcecode.swift; path = ComprehensiveFetcher.swift; sourceTree = "<group>"; };
		A1000016E44000000000001 /* TrainingView.swift */ = {isa = PBXFileReference; lastKnownFileType = sourcecode.swift; path = TrainingView.swift; sourceTree = "<group>"; };
		C3253D632E43023C002B742E /* PokemonForms.swift */ = {isa = PBXFileReference; lastKnownFileType = sourcecode.swift; path = PokemonForms.swift; sourceTree = "<group>"; };
		C3253D652E430274002B742E /* CelebrationAnimations.swift */ = {isa = PBXFileReference; lastKnownFileType = sourcecode.swift; path = CelebrationAnimations.swift; sourceTree = "<group>"; };
		C3253D662E430274002B742E /* CompleteInfoDisplay.swift */ = {isa = PBXFileReference; lastKnownFileType = sourcecode.swift; path = CompleteInfoDisplay.swift; sourceTree = "<group>"; };
		C3253D672E430274002B742E /* FormSwitcher.swift */ = {isa = PBXFileReference; lastKnownFileType = sourcecode.swift; path = FormSwitcher.swift; sourceTree = "<group>"; };
		C3253D682E430274002B742E /* WeaknessResistanceCard.swift */ = {isa = PBXFileReference; lastKnownFileType = sourcecode.swift; path = WeaknessResistanceCard.swift; sourceTree = "<group>"; };
		C3253D6D2E43263E002B742E /* ShinyPokemonView.swift */ = {isa = PBXFileReference; lastKnownFileType = sourcecode.swift; path = ShinyPokemonView.swift; sourceTree = "<group>"; };
		C3253D6F2E432929002B742E /* QuantumSearchEngine.swift */ = {isa = PBXFileReference; lastKnownFileType = sourcecode.swift; path = QuantumSearchEngine.swift; sourceTree = "<group>"; };
		C3253D712E432933002B742E /* QuantumSearchView.swift */ = {isa = PBXFileReference; lastKnownFileType = sourcecode.swift; path = QuantumSearchView.swift; sourceTree = "<group>"; };
		C3253D732E432C05002B742E /* PokeballData.swift */ = {isa = PBXFileReference; lastKnownFileType = sourcecode.swift; path = PokeballData.swift; sourceTree = "<group>"; };
		C3253D752E432C21002B742E /* PokeballCollectionView.swift */ = {isa = PBXFileReference; lastKnownFileType = sourcecode.swift; path = PokeballCollectionView.swift; sourceTree = "<group>"; };
		C3253D772E432F35002B742E /* PokemonCatchRateCard.swift */ = {isa = PBXFileReference; lastKnownFileType = sourcecode.swift; path = PokemonCatchRateCard.swift; sourceTree = "<group>"; };
		C3253D7D2E4394E5002B742E /* MoveData.swift */ = {isa = PBXFileReference; lastKnownFileType = sourcecode.swift; path = MoveData.swift; sourceTree = "<group>"; };
		C3253D7F2E4394F5002B742E /* PokemonPickerView.swift */ = {isa = PBXFileReference; lastKnownFileType = sourcecode.swift; path = PokemonPickerView.swift; sourceTree = "<group>"; };
		C3253D812E439515002B742E /* DamageCalculatorView.swift */ = {isa = PBXFileReference; lastKnownFileType = sourcecode.swift; path = DamageCalculatorView.swift; sourceTree = "<group>"; };
		C3253D822E439515002B742E /* MoveDetailView.swift */ = {isa = PBXFileReference; lastKnownFileType = sourcecode.swift; path = MoveDetailView.swift; sourceTree = "<group>"; };
		C3253D832E439515002B742E /* MoveEncyclopediaView.swift */ = {isa = PBXFileReference; lastKnownFileType = sourcecode.swift; path = MoveEncyclopediaView.swift; sourceTree = "<group>"; };
		C3253D872E4398E3002B742E /* MoveDataFetcher.swift */ = {isa = PBXFileReference; lastKnownFileType = sourcecode.swift; path = MoveDataFetcher.swift; sourceTree = "<group>"; };
		C3253D892E4398F4002B742E /* PokemonMovesDetailSection.swift */ = {isa = PBXFileReference; lastKnownFileType = sourcecode.swift; path = PokemonMovesDetailSection.swift; sourceTree = "<group>"; };
		C3253D8B2E439B12002B742E /* MoveTypeBadge.swift */ = {isa = PBXFileReference; lastKnownFileType = sourcecode.swift; path = MoveTypeBadge.swift; sourceTree = "<group>"; };
		C3253DBF2E43DF19002B742E /* BerryFetcher.swift */ = {isa = PBXFileReference; lastKnownFileType = sourcecode.swift; path = BerryFetcher.swift; sourceTree = "<group>"; };
		C3253DC12E43DF28002B742E /* BerryDetailView.swift */ = {isa = PBXFileReference; lastKnownFileType = sourcecode.swift; path = BerryDetailView.swift; sourceTree = "<group>"; };
		C3253DC22E43DF28002B742E /* BerryListView.swift */ = {isa = PBXFileReference; lastKnownFileType = sourcecode.swift; path = BerryListView.swift; sourceTree = "<group>"; };
		C3253DC52E43E506002B742E /* CharacterData.swift */ = {isa = PBXFileReference; lastKnownFileType = sourcecode.swift; path = CharacterData.swift; sourceTree = "<group>"; };
		C3253DC62E43E506002B742E /* GymBadgeData.swift */ = {isa = PBXFileReference; lastKnownFileType = sourcecode.swift; path = GymBadgeData.swift; sourceTree = "<group>"; };
		C3253DCA2E43E522002B742E /* CharacterListView.swift */ = {isa = PBXFileReference; lastKnownFileType = sourcecode.swift; path = CharacterListView.swift; sourceTree = "<group>"; };
		C3253DCB2E43E522002B742E /* GymBadgeDetailView.swift */ = {isa = PBXFileReference; lastKnownFileType = sourcecode.swift; path = GymBadgeDetailView.swift; sourceTree = "<group>"; };
		C3253DCC2E43E522002B742E /* GymBadgeListView.swift */ = {isa = PBXFileReference; lastKnownFileType = sourcecode.swift; path = GymBadgeListView.swift; sourceTree = "<group>"; };
		C3253DD32E43E9D9002B742E /* CharacterDetailView.swift */ = {isa = PBXFileReference; lastKnownFileType = sourcecode.swift; path = CharacterDetailView.swift; sourceTree = "<group>"; };
		C3253DEC2E443813002B742E /* AdvancedDNAShaders.metal */ = {isa = PBXFileReference; lastKnownFileType = sourcecode.metal; path = AdvancedDNAShaders.metal; sourceTree = "<group>"; };
		C3253DEE2E443912002B742E /* Advanced3DDNAHelixView.swift */ = {isa = PBXFileReference; lastKnownFileType = sourcecode.swift; path = Advanced3DDNAHelixView.swift; sourceTree = "<group>"; };
		C3253DEF2E443912002B742E /* DNAViewModel.swift */ = {isa = PBXFileReference; lastKnownFileType = sourcecode.swift; path = DNAViewModel.swift; sourceTree = "<group>"; };
		C3253DF02E443912002B742E /* EnhancedDNAHelixViewer.swift */ = {isa = PBXFileReference; lastKnownFileType = sourcecode.swift; path = EnhancedDNAHelixViewer.swift; sourceTree = "<group>"; };
		C3253DF12E443912002B742E /* UltraDNAHelixView.swift */ = {isa = PBXFileReference; lastKnownFileType = sourcecode.swift; path = UltraDNAHelixView.swift; sourceTree = "<group>"; };
		C32CB5A22E418AD6001583AF /* ComparisonCard.swift */ = {isa = PBXFileReference; lastKnownFileType = sourcecode.swift; path = ComparisonCard.swift; sourceTree = "<group>"; };
		C32CB5A32E418AD6001583AF /* ComparisonChart.swift */ = {isa = PBXFileReference; lastKnownFileType = sourcecode.swift; path = ComparisonChart.swift; sourceTree = "<group>"; };
		C32CB5A42E418AD6001583AF /* ComparisonView.swift */ = {isa = PBXFileReference; lastKnownFileType = sourcecode.swift; path = ComparisonView.swift; sourceTree = "<group>"; };
		C32CB5A52E418AD6001583AF /* ComparisonViewModel.swift */ = {isa = PBXFileReference; lastKnownFileType = sourcecode.swift; path = ComparisonViewModel.swift; sourceTree = "<group>"; };
		C32CB5A62E418AD6001583AF /* SizeComparisonView.swift */ = {isa = PBXFileReference; lastKnownFileType = sourcecode.swift; path = SizeComparisonView.swift; sourceTree = "<group>"; };
		C32CB5BB2E418AF4001583AF /* ComparisonQueries.swift */ = {isa = PBXFileReference; lastKnownFileType = sourcecode.swift; path = ComparisonQueries.swift; sourceTree = "<group>"; };
		C36019A12E3E9488000BE42C /* NeuralFlowMapView.swift */ = {isa = PBXFileReference; lastKnownFileType = sourcecode.swift; path = NeuralFlowMapView.swift; sourceTree = "<group>"; };
		C36019A22E3E9488000BE42C /* RegionBubbleCard.swift */ = {isa = PBXFileReference; lastKnownFileType = sourcecode.swift; path = RegionBubbleCard.swift; sourceTree = "<group>"; };
		C36019A32E3E9488000BE42C /* RegionNode.swift */ = {isa = PBXFileReference; lastKnownFileType = sourcecode.swift; path = RegionNode.swift; sourceTree = "<group>"; };
		C36019A42E3E9488000BE42C /* StarFieldView.swift */ = {isa = PBXFileReference; lastKnownFileType = sourcecode.swift; path = StarFieldView.swift; sourceTree = "<group>"; };
		C36019A52E3E9488000BE42C /* TypeFlow.swift */ = {isa = PBXFileReference; lastKnownFileType = sourcecode.swift; path = TypeFlow.swift; sourceTree = "<group>"; };
		C36019A62E3E9489000BE42C /* MapSprite.swift */ = {isa = PBXFileReference; lastKnownFileType = sourcecode.swift; path = MapSprite.swift; sourceTree = "<group>"; };
		C36019A72E3E9489000BE42C /* SpriteRenderer.swift */ = {isa = PBXFileReference; lastKnownFileType = sourcecode.swift; path = SpriteRenderer.swift; sourceTree = "<group>"; };
		C37525B22E3D5E9500505277 /* LuminaDex.app */ = {isa = PBXFileReference; explicitFileType = wrapper.application; includeInIndex = 0; path = LuminaDex.app; sourceTree = BUILT_PRODUCTS_DIR; };
		C37525BF2E3D5E9600505277 /* LuminaDexTests.xctest */ = {isa = PBXFileReference; explicitFileType = wrapper.cfbundle; includeInIndex = 0; path = LuminaDexTests.xctest; sourceTree = BUILT_PRODUCTS_DIR; };
		C37525C92E3D5E9600505277 /* LuminaDexUITests.xctest */ = {isa = PBXFileReference; explicitFileType = wrapper.cfbundle; includeInIndex = 0; path = LuminaDexUITests.xctest; sourceTree = BUILT_PRODUCTS_DIR; };
		C37525E12E3D61A200505277 /* LuminaDexApp.swift */ = {isa = PBXFileReference; lastKnownFileType = sourcecode.swift; path = LuminaDexApp.swift; sourceTree = "<group>"; };
		C37525E32E3D61A200505277 /* Assets.xcassets */ = {isa = PBXFileReference; lastKnownFileType = folder.assetcatalog; path = Assets.xcassets; sourceTree = "<group>"; };
		C37525E42E3D61A200505277 /* ContentView.swift */ = {isa = PBXFileReference; lastKnownFileType = sourcecode.swift; path = ContentView.swift; sourceTree = "<group>"; };
		C37525EE2E3D62A100505277 /* ThemeManager.swift */ = {isa = PBXFileReference; lastKnownFileType = sourcecode.swift; path = ThemeManager.swift; sourceTree = "<group>"; };
		C37525F82E3D739D00505277 /* Pokemon.swift */ = {isa = PBXFileReference; lastKnownFileType = sourcecode.swift; path = Pokemon.swift; sourceTree = "<group>"; };
		C37525FA2E3D74AF00505277 /* PokemonType.swift */ = {isa = PBXFileReference; lastKnownFileType = sourcecode.swift; path = PokemonType.swift; sourceTree = "<group>"; };
		C37525FC2E3D756E00505277 /* Region.swift */ = {isa = PBXFileReference; lastKnownFileType = sourcecode.swift; path = Region.swift; sourceTree = "<group>"; };
		C37525FE2E3D759F00505277 /* Stats.swift */ = {isa = PBXFileReference; lastKnownFileType = sourcecode.swift; path = Stats.swift; sourceTree = "<group>"; };
		C37526002E3D763C00505277 /* PokemonAPI.swift */ = {isa = PBXFileReference; lastKnownFileType = sourcecode.swift; path = PokemonAPI.swift; sourceTree = "<group>"; };
		C37526022E3D771000505277 /* PokemonRepository.swift */ = {isa = PBXFileReference; lastKnownFileType = sourcecode.swift; path = PokemonRepository.swift; sourceTree = "<group>"; };
		C37CA8F02E3EB198002F20DB /* CompanionSelectionView.swift */ = {isa = PBXFileReference; lastKnownFileType = sourcecode.swift; path = CompanionSelectionView.swift; sourceTree = "<group>"; };
		C37CA8F12E3EB198002F20DB /* CompanionSprite.swift */ = {isa = PBXFileReference; lastKnownFileType = sourcecode.swift; path = CompanionSprite.swift; sourceTree = "<group>"; };
		C37CA8F22E3EB198002F20DB /* CompanionSystem.swift */ = {isa = PBXFileReference; lastKnownFileType = sourcecode.swift; path = CompanionSystem.swift; sourceTree = "<group>"; };
		C37CA8F62E3EB21F002F20DB /* CompanionData.swift */ = {isa = PBXFileReference; lastKnownFileType = sourcecode.swift; path = CompanionData.swift; sourceTree = "<group>"; };
		C37CA8F82E3EB6A2002F20DB /* LegendaryGuardians.swift */ = {isa = PBXFileReference; lastKnownFileType = sourcecode.swift; path = LegendaryGuardians.swift; sourceTree = "<group>"; };
		C37CA8F92E3EB6A2002F20DB /* MigrationSystem.swift */ = {isa = PBXFileReference; lastKnownFileType = sourcecode.swift; path = MigrationSystem.swift; sourceTree = "<group>"; };
		C37CA8FC2E3EBEC9002F20DB /* DynamicIslandManager.swift */ = {isa = PBXFileReference; lastKnownFileType = sourcecode.swift; path = DynamicIslandManager.swift; sourceTree = "<group>"; };
		C37CA8FE2E3EE58B002F20DB /* DNAHelixViewer.swift */ = {isa = PBXFileReference; lastKnownFileType = sourcecode.swift; path = DNAHelixViewer.swift; sourceTree = "<group>"; };
		C37CA9002E3EE5B1002F20DB /* MetalDNAHelixView.swift */ = {isa = PBXFileReference; lastKnownFileType = sourcecode.swift; path = MetalDNAHelixView.swift; sourceTree = "<group>"; };
		C37CA9022E3EE5FA002F20DB /* DNAShaders.metal */ = {isa = PBXFileReference; lastKnownFileType = sourcecode.metal; name = DNAShaders.metal; path = LuminaDex/DNAShaders.metal; sourceTree = SOURCE_ROOT; };
		C37CA9042E3EE9ED002F20DB /* PokemonDetailView.swift */ = {isa = PBXFileReference; lastKnownFileType = sourcecode.swift; path = PokemonDetailView.swift; sourceTree = "<group>"; };
		C37CA9062E3EEEFC002F20DB /* EvolutionChainView.swift */ = {isa = PBXFileReference; lastKnownFileType = sourcecode.swift; path = EvolutionChainView.swift; sourceTree = "<group>"; };
		C3B9FF782E3FD07B0041E5E4 /* TypeEffectivenessView.swift */ = {isa = PBXFileReference; lastKnownFileType = sourcecode.swift; path = TypeEffectivenessView.swift; sourceTree = "<group>"; };
		C3B9FF7A2E3FD42D0041E5E4 /* PokemonSearchView.swift */ = {isa = PBXFileReference; lastKnownFileType = sourcecode.swift; path = PokemonSearchView.swift; sourceTree = "<group>"; };
		C3B9FF7C2E3FEA710041E5E4 /* AlakazamAssistant.swift */ = {isa = PBXFileReference; lastKnownFileType = sourcecode.swift; path = AlakazamAssistant.swift; sourceTree = "<group>"; };
		C3B9FF7E2E3FFBC80041E5E4 /* CollectionView.swift */ = {isa = PBXFileReference; lastKnownFileType = sourcecode.swift; path = CollectionView.swift; sourceTree = "<group>"; };
		C3B9FF802E3FFC660041E5E4 /* CollectionViewModel.swift */ = {isa = PBXFileReference; lastKnownFileType = sourcecode.swift; path = CollectionViewModel.swift; sourceTree = "<group>"; };
		C3B9FF822E3FFCDE0041E5E4 /* PokemonGridCard.swift */ = {isa = PBXFileReference; lastKnownFileType = sourcecode.swift; path = PokemonGridCard.swift; sourceTree = "<group>"; };
		C3B9FF842E3FFCF80041E5E4 /* PokemonListCard.swift */ = {isa = PBXFileReference; lastKnownFileType = sourcecode.swift; path = PokemonListCard.swift; sourceTree = "<group>"; };
		C3B9FF862E3FFD460041E5E4 /* CollectionComponents.swift */ = {isa = PBXFileReference; lastKnownFileType = sourcecode.swift; path = CollectionComponents.swift; sourceTree = "<group>"; };
		C3B9FF882E3FFD810041E5E4 /* Pokemon+Collection.swift */ = {isa = PBXFileReference; lastKnownFileType = sourcecode.swift; path = "Pokemon+Collection.swift"; sourceTree = "<group>"; };
		C3B9FF8A2E4002280041E5E4 /* NeuralNetworkBackground.swift */ = {isa = PBXFileReference; lastKnownFileType = sourcecode.swift; path = NeuralNetworkBackground.swift; sourceTree = "<group>"; };
		C3B9FF8C2E40022F0041E5E4 /* AchievementsView.swift */ = {isa = PBXFileReference; lastKnownFileType = sourcecode.swift; path = AchievementsView.swift; sourceTree = "<group>"; };
		C3B9FF8E2E40082F0041E5E4 /* ProfileView.swift */ = {isa = PBXFileReference; lastKnownFileType = sourcecode.swift; path = ProfileView.swift; sourceTree = "<group>"; };
		C3B9FF952E402D4F0041E5E4 /* RadarChart.swift */ = {isa = PBXFileReference; lastKnownFileType = sourcecode.swift; path = RadarChart.swift; sourceTree = "<group>"; };
		C3B9FF972E4034E40041E5E4 /* MLBarCharts.swift */ = {isa = PBXFileReference; lastKnownFileType = sourcecode.swift; path = MLBarCharts.swift; sourceTree = "<group>"; };
		C3B9FF992E40364D0041E5E4 /* InteractiveChartSystem.swift */ = {isa = PBXFileReference; lastKnownFileType = sourcecode.swift; path = InteractiveChartSystem.swift; sourceTree = "<group>"; };
		C3B9FF9B2E4038270041E5E4 /* TypeRelationshipNetwork.swift */ = {isa = PBXFileReference; lastKnownFileType = sourcecode.swift; path = TypeRelationshipNetwork.swift; sourceTree = "<group>"; };
		C3B9FF9D2E4039240041E5E4 /* EvolutionTrees.swift */ = {isa = PBXFileReference; lastKnownFileType = sourcecode.swift; path = EvolutionTrees.swift; sourceTree = "<group>"; };
		C3B9FF9F2E4040920041E5E4 /* EvolutionPerformanceManager.swift */ = {isa = PBXFileReference; lastKnownFileType = sourcecode.swift; path = EvolutionPerformanceManager.swift; sourceTree = "<group>"; };
		C3B9FFB42E4071FF0041E5E4 /* DataLoadingView.swift */ = {isa = PBXFileReference; lastKnownFileType = sourcecode.swift; path = DataLoadingView.swift; sourceTree = "<group>"; };
		C3B9FFB62E4072150041E5E4 /* DatabaseManager.swift */ = {isa = PBXFileReference; lastKnownFileType = sourcecode.swift; path = DatabaseManager.swift; sourceTree = "<group>"; };
		C3B9FFB72E4072150041E5E4 /* DatabaseMigrations.swift */ = {isa = PBXFileReference; lastKnownFileType = sourcecode.swift; path = DatabaseMigrations.swift; sourceTree = "<group>"; };
		C3B9FFB82E4072150041E5E4 /* DatabaseRecords.swift */ = {isa = PBXFileReference; lastKnownFileType = sourcecode.swift; path = DatabaseRecords.swift; sourceTree = "<group>"; };
		C3B9FFB92E4072150041E5E4 /* ImageManager.swift */ = {isa = PBXFileReference; lastKnownFileType = sourcecode.swift; path = ImageManager.swift; sourceTree = "<group>"; };
		C3B9FFBA2E4072150041E5E4 /* PokemonDataFetcher.swift */ = {isa = PBXFileReference; lastKnownFileType = sourcecode.swift; path = PokemonDataFetcher.swift; sourceTree = "<group>"; };
		C3F932822E42F0BF0035999C /* DefaultsKeys.swift */ = {isa = PBXFileReference; lastKnownFileType = sourcecode.swift; path = DefaultsKeys.swift; sourceTree = "<group>"; };
		C3F932832E42F0BF0035999C /* KeychainManager.swift */ = {isa = PBXFileReference; lastKnownFileType = sourcecode.swift; path = KeychainManager.swift; sourceTree = "<group>"; };
		C3F932842E42F0BF0035999C /* PersistentViewModel.swift */ = {isa = PBXFileReference; lastKnownFileType = sourcecode.swift; path = PersistentViewModel.swift; sourceTree = "<group>"; };
		C3F932882E42F0CF0035999C /* FilterQueries.swift */ = {isa = PBXFileReference; lastKnownFileType = sourcecode.swift; path = FilterQueries.swift; sourceTree = "<group>"; };
		C3F9328A2E42F0EF0035999C /* FilterView.swift */ = {isa = PBXFileReference; lastKnownFileType = sourcecode.swift; path = FilterView.swift; sourceTree = "<group>"; };
		C3F9328B2E42F0EF0035999C /* FilterViewModel.swift */ = {isa = PBXFileReference; lastKnownFileType = sourcecode.swift; path = FilterViewModel.swift; sourceTree = "<group>"; };
		C3F9328F2E42F10B0035999C /* TypedActivityIndicator.swift */ = {isa = PBXFileReference; lastKnownFileType = sourcecode.swift; path = TypedActivityIndicator.swift; sourceTree = "<group>"; };
		C3F932912E42F10B0035999C /* PokemonCardShimmer.swift */ = {isa = PBXFileReference; lastKnownFileType = sourcecode.swift; path = PokemonCardShimmer.swift; sourceTree = "<group>"; };
		C3F932922E42F10B0035999C /* ShimmerModifier.swift */ = {isa = PBXFileReference; lastKnownFileType = sourcecode.swift; path = ShimmerModifier.swift; sourceTree = "<group>"; };
		C3F932942E42F10B0035999C /* AbilityCloudView.swift */ = {isa = PBXFileReference; lastKnownFileType = sourcecode.swift; path = AbilityCloudView.swift; sourceTree = "<group>"; };
		C3F932952E42F10B0035999C /* EnhancedSearchBar.swift */ = {isa = PBXFileReference; lastKnownFileType = sourcecode.swift; path = EnhancedSearchBar.swift; sourceTree = "<group>"; };
		C3F932962E42F10B0035999C /* FilterModal.swift */ = {isa = PBXFileReference; lastKnownFileType = sourcecode.swift; path = FilterModal.swift; sourceTree = "<group>"; };
		C3F932972E42F10B0035999C /* MovesSection.swift */ = {isa = PBXFileReference; lastKnownFileType = sourcecode.swift; path = MovesSection.swift; sourceTree = "<group>"; };
		C3F932982E42F10B0035999C /* TypeBadgeView.swift */ = {isa = PBXFileReference; lastKnownFileType = sourcecode.swift; path = TypeBadgeView.swift; sourceTree = "<group>"; };
/* End PBXFileReference section */

/* Begin PBXFileSystemSynchronizedRootGroup section */
		C37525C22E3D5E9600505277 /* LuminaDexTests */ = {
			isa = PBXFileSystemSynchronizedRootGroup;
			path = LuminaDexTests;
			sourceTree = "<group>";
		};
		C37525CC2E3D5E9600505277 /* LuminaDexUITests */ = {
			isa = PBXFileSystemSynchronizedRootGroup;
			path = LuminaDexUITests;
			sourceTree = "<group>";
		};
/* End PBXFileSystemSynchronizedRootGroup section */

/* Begin PBXFrameworksBuildPhase section */
		C37525AF2E3D5E9500505277 /* Frameworks */ = {
			isa = PBXFrameworksBuildPhase;
			buildActionMask = 2147483647;
			files = (
				C3B9FFE72E40736D0041E5E4 /* ConfettiSwiftUI in Frameworks */,
				C3B9FFC22E40736D0041E5E4 /* Lottie in Frameworks */,
				C3B9FFD02E40736D0041E5E4 /* PopupView in Frameworks */,
				C3B9FFC72E40736D0041E5E4 /* Hero in Frameworks */,
				C3B9FFF32E40736D0041E5E4 /* Pulse in Frameworks */,
				C3B9FFF72E40736D0041E5E4 /* PulseUI in Frameworks */,
				C3B9000A2E40736D0041E5E4 /* Inject in Frameworks */,
				C392A1552E4076D700A1C052 /* GRDB in Frameworks */,
				C3B9FFEB2E40736D0041E5E4 /* Wave in Frameworks */,
				C3B9FFC92E40736D0041E5E4 /* SwiftUIIntrospect in Frameworks */,
				C3B9FFD62E40736D0041E5E4 /* NukeUI in Frameworks */,
				C3B9FFFD2E40736D0041E5E4 /* CachedAsyncImage in Frameworks */,
				C3B900062E40736D0041E5E4 /* Liquid in Frameworks */,
				C3B9FFEF2E40736D0041E5E4 /* SwiftUIX in Frameworks */,
				C3B9FFCE2E40736D0041E5E4 /* SwiftUIIntrospect-Static in Frameworks */,
				C3B9FFD22E40736D0041E5E4 /* Nuke in Frameworks */,
				C3B9FFF52E40736D0041E5E4 /* PulseProxy in Frameworks */,
				C3B900082E40736D0041E5E4 /* ActivityIndicatorView in Frameworks */,
				C3B9FFE92E40736D0041E5E4 /* Pow in Frameworks */,
				C3B9FFE32E40736D0041E5E4 /* Shimmer in Frameworks */,
				C3B9FFFF2E40736D0041E5E4 /* DGCharts in Frameworks */,
				C3B9FFED2E40736D0041E5E4 /* WrappingHStack in Frameworks */,
				C3B9FFD82E40736D0041E5E4 /* NukeVideo in Frameworks */,
				C3B9FFD42E40736D0041E5E4 /* NukeExtensions in Frameworks */,
				C3B9FFE12E40736D0041E5E4 /* AsyncAlgorithms in Frameworks */,
				C3B900042E40736D0041E5E4 /* SwiftUICharts in Frameworks */,
				C3B9FFE52E40736D0041E5E4 /* WhatsNewKit in Frameworks */,
				C3B9FFF12E40736D0041E5E4 /* KeychainAccess in Frameworks */,
			);
			runOnlyForDeploymentPostprocessing = 0;
		};
		C37525BC2E3D5E9600505277 /* Frameworks */ = {
			isa = PBXFrameworksBuildPhase;
			buildActionMask = 2147483647;
			files = (
			);
			runOnlyForDeploymentPostprocessing = 0;
		};
		C37525C62E3D5E9600505277 /* Frameworks */ = {
			isa = PBXFrameworksBuildPhase;
			buildActionMask = 2147483647;
			files = (
			);
			runOnlyForDeploymentPostprocessing = 0;
		};
/* End PBXFrameworksBuildPhase section */

/* Begin PBXGroup section */
		C32CB5A72E418AD6001583AF /* Comparison */ = {
			isa = PBXGroup;
			children = (
				C32CB5A22E418AD6001583AF /* ComparisonCard.swift */,
				C32CB5A32E418AD6001583AF /* ComparisonChart.swift */,
				C32CB5A42E418AD6001583AF /* ComparisonView.swift */,
				C32CB5A52E418AD6001583AF /* ComparisonViewModel.swift */,
				C32CB5A62E418AD6001583AF /* SizeComparisonView.swift */,
			);
			path = Comparison;
			sourceTree = "<group>";
		};
		C32CB5B02E418AD6001583AF /* Views */ = {
			isa = PBXGroup;
			children = (
				C3253D752E432C21002B742E /* PokeballCollectionView.swift */,
				C3F932992E42F10B0035999C /* Components */,
				C3F9328C2E42F0EF0035999C /* Filter */,
				C32CB5A72E418AD6001583AF /* Comparison */,
			);
			path = Views;
			sourceTree = "<group>";
		};
		C32CB5BC2E418AF4001583AF /* Queries */ = {
			isa = PBXGroup;
			children = (
				C3F932882E42F0CF0035999C /* FilterQueries.swift */,
				C32CB5BB2E418AF4001583AF /* ComparisonQueries.swift */,
			);
			path = Queries;
			sourceTree = "<group>";
		};
		C32CB5BD2E418AF4001583AF /* Database */ = {
			isa = PBXGroup;
			children = (
				C32CB5BC2E418AF4001583AF /* Queries */,
			);
			path = Database;
			sourceTree = "<group>";
		};
		C37525A92E3D5E9500505277 = {
			isa = PBXGroup;
			children = (
				C37525E52E3D61A200505277 /* LuminaDex */,
				C37525C22E3D5E9600505277 /* LuminaDexTests */,
				C37525CC2E3D5E9600505277 /* LuminaDexUITests */,
				C3B9FFC02E4073090041E5E4 /* Frameworks */,
				C37525B32E3D5E9500505277 /* Products */,
			);
			sourceTree = "<group>";
		};
		C37525B32E3D5E9500505277 /* Products */ = {
			isa = PBXGroup;
			children = (
				C37525B22E3D5E9500505277 /* LuminaDex.app */,
				C37525BF2E3D5E9600505277 /* LuminaDexTests.xctest */,
				C37525C92E3D5E9600505277 /* LuminaDexUITests.xctest */,
			);
			name = Products;
			sourceTree = "<group>";
		};
		C37525E22E3D61A200505277 /* App */ = {
			isa = PBXGroup;
			children = (
				C37525E12E3D61A200505277 /* LuminaDexApp.swift */,
			);
			path = App;
			sourceTree = "<group>";
		};
		C37525E52E3D61A200505277 /* LuminaDex */ = {
			isa = PBXGroup;
			children = (
				C3253DEC2E443813002B742E /* AdvancedDNAShaders.metal */,
				C32CB5BD2E418AF4001583AF /* Database */,
				C32CB5B02E418AD6001583AF /* Views */,
				C37525ED2E3D61D100505277 /* Resources */,
				C37525EC2E3D61CD00505277 /* Data */,
				C37525EB2E3D61C300505277 /* Design */,
				C37525EA2E3D61BC00505277 /* Features */,
				C37525E92E3D61AB00505277 /* Core */,
				C37525E22E3D61A200505277 /* App */,
				C37525E32E3D61A200505277 /* Assets.xcassets */,
			);
			path = LuminaDex;
			sourceTree = "<group>";
		};
		C37525E92E3D61AB00505277 /* Core */ = {
			isa = PBXGroup;
			children = (
			);
			path = Core;
			sourceTree = "<group>";
		};
		C37525EA2E3D61BC00505277 /* Features */ = {
			isa = PBXGroup;
			children = (
				C3253DEE2E443912002B742E /* Advanced3DDNAHelixView.swift */,
				C3253DEF2E443912002B742E /* DNAViewModel.swift */,
				C3253DF02E443912002B742E /* EnhancedDNAHelixViewer.swift */,
				C3253DF12E443912002B742E /* UltraDNAHelixView.swift */,
				C3253DD32E43E9D9002B742E /* CharacterDetailView.swift */,
				C3253DCA2E43E522002B742E /* CharacterListView.swift */,
				C3253DCB2E43E522002B742E /* GymBadgeDetailView.swift */,
				C3253DCC2E43E522002B742E /* GymBadgeListView.swift */,
				C3253DC12E43DF28002B742E /* BerryDetailView.swift */,
				C3253DC22E43DF28002B742E /* BerryListView.swift */,
				C3253D812E439515002B742E /* DamageCalculatorView.swift */,
				C3253D822E439515002B742E /* MoveDetailView.swift */,
				C3253D832E439515002B742E /* MoveEncyclopediaView.swift */,
				C3253D712E432933002B742E /* QuantumSearchView.swift */,
				C3B9FFB42E4071FF0041E5E4 /* DataLoadingView.swift */,
				C3B9FF8E2E40082F0041E5E4 /* ProfileView.swift */,
				C3B9FF8C2E40022F0041E5E4 /* AchievementsView.swift */,
				C3B9FF802E3FFC660041E5E4 /* CollectionViewModel.swift */,
				C3B9FF7E2E3FFBC80041E5E4 /* CollectionView.swift */,
				C3B9FF7C2E3FEA710041E5E4 /* AlakazamAssistant.swift */,
				C3B9FF7A2E3FD42D0041E5E4 /* PokemonSearchView.swift */,
				C3B9FF782E3FD07B0041E5E4 /* TypeEffectivenessView.swift */,
				C37CA9062E3EEEFC002F20DB /* EvolutionChainView.swift */,
				C37CA9042E3EE9ED002F20DB /* PokemonDetailView.swift */,
				C37CA9002E3EE5B1002F20DB /* MetalDNAHelixView.swift */,
				C37CA8FE2E3EE58B002F20DB /* DNAHelixViewer.swift */,
				C37CA8FC2E3EBEC9002F20DB /* DynamicIslandManager.swift */,
				C37CA8F82E3EB6A2002F20DB /* LegendaryGuardians.swift */,
				C37CA8F92E3EB6A2002F20DB /* MigrationSystem.swift */,
				C37CA8F02E3EB198002F20DB /* CompanionSelectionView.swift */,
				C37CA8F12E3EB198002F20DB /* CompanionSprite.swift */,
				C37CA8F22E3EB198002F20DB /* CompanionSystem.swift */,
				C36019A12E3E9488000BE42C /* NeuralFlowMapView.swift */,
				C36019A22E3E9488000BE42C /* RegionBubbleCard.swift */,
				C36019A32E3E9488000BE42C /* RegionNode.swift */,
				C36019A42E3E9488000BE42C /* StarFieldView.swift */,
				C36019A52E3E9488000BE42C /* TypeFlow.swift */,
				C36019A62E3E9489000BE42C /* MapSprite.swift */,
				C36019A72E3E9489000BE42C /* SpriteRenderer.swift */,
				C37525E42E3D61A200505277 /* ContentView.swift */,
				A1000016E44000000000001 /* TrainingView.swift */,
			);
			path = Features;
			sourceTree = "<group>";
		};
		C37525EB2E3D61C300505277 /* Design */ = {
			isa = PBXGroup;
			children = (
				C3B9FF932E402D400041E5E4 /* Charts */,
				C3B9FF8A2E4002280041E5E4 /* NeuralNetworkBackground.swift */,
				C3B9FF862E3FFD460041E5E4 /* CollectionComponents.swift */,
				C3B9FF842E3FFCF80041E5E4 /* PokemonListCard.swift */,
				C3B9FF822E3FFCDE0041E5E4 /* PokemonGridCard.swift */,
				C37525EE2E3D62A100505277 /* ThemeManager.swift */,
			);
			path = Design;
			sourceTree = "<group>";
		};
		C37525EC2E3D61CD00505277 /* Data */ = {
			isa = PBXGroup;
			children = (
				C3253DC52E43E506002B742E /* CharacterData.swift */,
				C3253DC62E43E506002B742E /* GymBadgeData.swift */,
				C3253DBF2E43DF19002B742E /* BerryFetcher.swift */,
				C3253D872E4398E3002B742E /* MoveDataFetcher.swift */,
				C3253D7D2E4394E5002B742E /* MoveData.swift */,
				C3253D732E432C05002B742E /* PokeballData.swift */,
				C3253D6F2E432929002B742E /* QuantumSearchEngine.swift */,
				C3253D632E43023C002B742E /* PokemonForms.swift */,
				C3F932822E42F0BF0035999C /* DefaultsKeys.swift */,
				C3F932832E42F0BF0035999C /* KeychainManager.swift */,
				C3F932842E42F0BF0035999C /* PersistentViewModel.swift */,
				C3B9FFB62E4072150041E5E4 /* DatabaseManager.swift */,
				C3B9FFB72E4072150041E5E4 /* DatabaseMigrations.swift */,
				C3B9FFB82E4072150041E5E4 /* DatabaseRecords.swift */,
				C3B9FFB92E4072150041E5E4 /* ImageManager.swift */,
				C3B9FFBA2E4072150041E5E4 /* PokemonDataFetcher.swift */,
				C3B9FF882E3FFD810041E5E4 /* Pokemon+Collection.swift */,
				C37CA8F62E3EB21F002F20DB /* CompanionData.swift */,
				C37526022E3D771000505277 /* PokemonRepository.swift */,
				C37526002E3D763C00505277 /* PokemonAPI.swift */,
				C37525FE2E3D759F00505277 /* Stats.swift */,
				C37525FC2E3D756E00505277 /* Region.swift */,
				C37525FA2E3D74AF00505277 /* PokemonType.swift */,
				C37525F82E3D739D00505277 /* Pokemon.swift */,
				A1000002E44000000000001 /* NatureData.swift */,
				A1000004E44000000000001 /* AbilityData.swift */,
				A1000006E44000000000001 /* EVIVData.swift */,
				A1000008E44000000000001 /* BreedingData.swift */,
				A1000010E44000000000001 /* BerryData.swift */,
				A1000012E44000000000001 /* ItemData.swift */,
				A1000014E44000000000001 /* ComprehensiveFetcher.swift */,
			);
			path = Data;
			sourceTree = "<group>";
		};
		C37525ED2E3D61D100505277 /* Resources */ = {
			isa = PBXGroup;
			children = (
				C37CA9022E3EE5FA002F20DB /* DNAShaders.metal */,
			);
			path = Resources;
			sourceTree = "<group>";
		};
		C3B9FF932E402D400041E5E4 /* Charts */ = {
			isa = PBXGroup;
			children = (
				C3B9FF9F2E4040920041E5E4 /* EvolutionPerformanceManager.swift */,
				C3B9FF9D2E4039240041E5E4 /* EvolutionTrees.swift */,
				C3B9FF9B2E4038270041E5E4 /* TypeRelationshipNetwork.swift */,
				C3B9FF992E40364D0041E5E4 /* InteractiveChartSystem.swift */,
				C3B9FF972E4034E40041E5E4 /* MLBarCharts.swift */,
				C3B9FF952E402D4F0041E5E4 /* RadarChart.swift */,
			);
			path = Charts;
			sourceTree = "<group>";
		};
		C3B9FFC02E4073090041E5E4 /* Frameworks */ = {
			isa = PBXGroup;
			children = (
			);
			name = Frameworks;
			sourceTree = "<group>";
		};
		C3F9328C2E42F0EF0035999C /* Filter */ = {
			isa = PBXGroup;
			children = (
				C3F9328A2E42F0EF0035999C /* FilterView.swift */,
				C3F9328B2E42F0EF0035999C /* FilterViewModel.swift */,
			);
			path = Filter;
			sourceTree = "<group>";
		};
		C3F932902E42F10B0035999C /* Loading */ = {
			isa = PBXGroup;
			children = (
				C3F9328F2E42F10B0035999C /* TypedActivityIndicator.swift */,
			);
			path = Loading;
			sourceTree = "<group>";
		};
		C3F932932E42F10B0035999C /* Shimmer */ = {
			isa = PBXGroup;
			children = (
				C3F932912E42F10B0035999C /* PokemonCardShimmer.swift */,
				C3F932922E42F10B0035999C /* ShimmerModifier.swift */,
			);
			path = Shimmer;
			sourceTree = "<group>";
		};
		C3F932992E42F10B0035999C /* Components */ = {
			isa = PBXGroup;
			children = (
				C3253D8B2E439B12002B742E /* MoveTypeBadge.swift */,
				C3253D892E4398F4002B742E /* PokemonMovesDetailSection.swift */,
				C3253D7F2E4394F5002B742E /* PokemonPickerView.swift */,
				C3253D772E432F35002B742E /* PokemonCatchRateCard.swift */,
				C3253D6D2E43263E002B742E /* ShinyPokemonView.swift */,
				C3253D652E430274002B742E /* CelebrationAnimations.swift */,
				C3253D662E430274002B742E /* CompleteInfoDisplay.swift */,
				C3253D672E430274002B742E /* FormSwitcher.swift */,
				C3253D682E430274002B742E /* WeaknessResistanceCard.swift */,
				C3F932902E42F10B0035999C /* Loading */,
				C3F932932E42F10B0035999C /* Shimmer */,
				C3F932942E42F10B0035999C /* AbilityCloudView.swift */,
				C3F932952E42F10B0035999C /* EnhancedSearchBar.swift */,
				C3F932962E42F10B0035999C /* FilterModal.swift */,
				C3F932972E42F10B0035999C /* MovesSection.swift */,
				C3F932982E42F10B0035999C /* TypeBadgeView.swift */,
			);
			path = Components;
			sourceTree = "<group>";
		};
/* End PBXGroup section */

/* Begin PBXNativeTarget section */
		C37525B12E3D5E9500505277 /* LuminaDex */ = {
			isa = PBXNativeTarget;
			buildConfigurationList = C37525D32E3D5E9600505277 /* Build configuration list for PBXNativeTarget "LuminaDex" */;
			buildPhases = (
				C37525AE2E3D5E9500505277 /* Sources */,
				C37525AF2E3D5E9500505277 /* Frameworks */,
				C37525B02E3D5E9500505277 /* Resources */,
				C37525F52E3D6A5100505277 /* SwiftLint */,
				C3B9000B2E40736D0041E5E4 /* Embed Frameworks */,
			);
			buildRules = (
			);
			dependencies = (
			);
			name = LuminaDex;
			packageProductDependencies = (
				C3B9FFC12E40736D0041E5E4 /* Lottie */,
				C3B9FFC62E40736D0041E5E4 /* Hero */,
				C3B9FFC82E40736D0041E5E4 /* SwiftUIIntrospect */,
				C3B9FFCD2E40736D0041E5E4 /* SwiftUIIntrospect-Static */,
				C3B9FFCF2E40736D0041E5E4 /* PopupView */,
				C3B9FFD12E40736D0041E5E4 /* Nuke */,
				C3B9FFD32E40736D0041E5E4 /* NukeExtensions */,
				C3B9FFD52E40736D0041E5E4 /* NukeUI */,
				C3B9FFD72E40736D0041E5E4 /* NukeVideo */,
				C3B9FFE02E40736D0041E5E4 /* AsyncAlgorithms */,
				C3B9FFE22E40736D0041E5E4 /* Shimmer */,
				C3B9FFE42E40736D0041E5E4 /* WhatsNewKit */,
				C3B9FFE62E40736D0041E5E4 /* ConfettiSwiftUI */,
				C3B9FFE82E40736D0041E5E4 /* Pow */,
				C3B9FFEA2E40736D0041E5E4 /* Wave */,
				C3B9FFEC2E40736D0041E5E4 /* WrappingHStack */,
				C3B9FFEE2E40736D0041E5E4 /* SwiftUIX */,
				C3B9FFF02E40736D0041E5E4 /* KeychainAccess */,
				C3B9FFF22E40736D0041E5E4 /* Pulse */,
				C3B9FFF42E40736D0041E5E4 /* PulseProxy */,
				C3B9FFF62E40736D0041E5E4 /* PulseUI */,
				C3B9FFFC2E40736D0041E5E4 /* CachedAsyncImage */,
				C3B9FFFE2E40736D0041E5E4 /* DGCharts */,
				C3B900032E40736D0041E5E4 /* SwiftUICharts */,
				C3B900052E40736D0041E5E4 /* Liquid */,
				C3B900072E40736D0041E5E4 /* ActivityIndicatorView */,
				C3B900092E40736D0041E5E4 /* Inject */,
				C392A1542E4076D700A1C052 /* GRDB */,
			);
			productName = LuminaDex;
			productReference = C37525B22E3D5E9500505277 /* LuminaDex.app */;
			productType = "com.apple.product-type.application";
		};
		C37525BE2E3D5E9600505277 /* LuminaDexTests */ = {
			isa = PBXNativeTarget;
			buildConfigurationList = C37525D62E3D5E9600505277 /* Build configuration list for PBXNativeTarget "LuminaDexTests" */;
			buildPhases = (
				C37525BB2E3D5E9600505277 /* Sources */,
				C37525BC2E3D5E9600505277 /* Frameworks */,
				C37525BD2E3D5E9600505277 /* Resources */,
			);
			buildRules = (
			);
			dependencies = (
				C37525C12E3D5E9600505277 /* PBXTargetDependency */,
			);
			fileSystemSynchronizedGroups = (
				C37525C22E3D5E9600505277 /* LuminaDexTests */,
			);
			name = LuminaDexTests;
			packageProductDependencies = (
			);
			productName = LuminaDexTests;
			productReference = C37525BF2E3D5E9600505277 /* LuminaDexTests.xctest */;
			productType = "com.apple.product-type.bundle.unit-test";
		};
		C37525C82E3D5E9600505277 /* LuminaDexUITests */ = {
			isa = PBXNativeTarget;
			buildConfigurationList = C37525D92E3D5E9600505277 /* Build configuration list for PBXNativeTarget "LuminaDexUITests" */;
			buildPhases = (
				C37525C52E3D5E9600505277 /* Sources */,
				C37525C62E3D5E9600505277 /* Frameworks */,
				C37525C72E3D5E9600505277 /* Resources */,
			);
			buildRules = (
			);
			dependencies = (
				C37525CB2E3D5E9600505277 /* PBXTargetDependency */,
			);
			fileSystemSynchronizedGroups = (
				C37525CC2E3D5E9600505277 /* LuminaDexUITests */,
			);
			name = LuminaDexUITests;
			packageProductDependencies = (
			);
			productName = LuminaDexUITests;
			productReference = C37525C92E3D5E9600505277 /* LuminaDexUITests.xctest */;
			productType = "com.apple.product-type.bundle.ui-testing";
		};
/* End PBXNativeTarget section */

/* Begin PBXProject section */
		C37525AA2E3D5E9500505277 /* Project object */ = {
			isa = PBXProject;
			attributes = {
				BuildIndependentTargetsInParallel = 1;
				LastSwiftUpdateCheck = 1640;
				LastUpgradeCheck = 1640;
				TargetAttributes = {
					C37525B12E3D5E9500505277 = {
						CreatedOnToolsVersion = 16.4;
					};
					C37525BE2E3D5E9600505277 = {
						CreatedOnToolsVersion = 16.4;
						TestTargetID = C37525B12E3D5E9500505277;
					};
					C37525C82E3D5E9600505277 = {
						CreatedOnToolsVersion = 16.4;
						TestTargetID = C37525B12E3D5E9500505277;
					};
				};
			};
			buildConfigurationList = C37525AD2E3D5E9500505277 /* Build configuration list for PBXProject "LuminaDex" */;
			developmentRegion = en;
			hasScannedForEncodings = 0;
			knownRegions = (
				en,
				Base,
			);
			mainGroup = C37525A92E3D5E9500505277;
			minimizedProjectReferenceProxies = 1;
			packageReferences = (
				C37525F02E3D686200505277 /* XCRemoteSwiftPackageReference "Kingfisher" */,
				C37525F12E3D68EA00505277 /* XCRemoteSwiftPackageReference "lottie-ios" */,
				C37525F22E3D692000505277 /* XCRemoteSwiftPackageReference "Hero" */,
				C37525F32E3D693700505277 /* XCRemoteSwiftPackageReference "SwiftUI-Introspect" */,
				C37525F42E3D695D00505277 /* XCRemoteSwiftPackageReference "PopupView" */,
				C3B9FFA12E405B2D0041E5E4 /* XCRemoteSwiftPackageReference "Nuke" */,
				C3B9FFA32E405BB20041E5E4 /* XCRemoteSwiftPackageReference "swift-async-algorithms" */,
				C3B9FFA42E405BC00041E5E4 /* XCRemoteSwiftPackageReference "SwiftUI-Shimmer" */,
				C3B9FFA52E405BD20041E5E4 /* XCRemoteSwiftPackageReference "WhatsNewKit" */,
				C3B9FFA62E405BEA0041E5E4 /* XCRemoteSwiftPackageReference "ConfettiSwiftUI" */,
				C3B9FFA72E405C020041E5E4 /* XCRemoteSwiftPackageReference "Pow" */,
				C3B9FFA82E405C150041E5E4 /* XCRemoteSwiftPackageReference "Wave" */,
				C3B9FFA92E405C200041E5E4 /* XCRemoteSwiftPackageReference "WrappingHStack" */,
				C3B9FFAA2E405C310041E5E4 /* XCRemoteSwiftPackageReference "SwiftUIX" */,
				C3B9FFAB2E405C420041E5E4 /* XCRemoteSwiftPackageReference "KeychainAccess" */,
				C3B9FFAC2E405C5A0041E5E4 /* XCRemoteSwiftPackageReference "Pulse" */,
				C3B9FFAE2E405C890041E5E4 /* XCRemoteSwiftPackageReference "swiftui-cached-async-image" */,
				C3B9FFAF2E405CE70041E5E4 /* XCRemoteSwiftPackageReference "Charts" */,
				C3B9FFB02E405CF70041E5E4 /* XCRemoteSwiftPackageReference "ChartView" */,
				C3B9FFB12E405D080041E5E4 /* XCRemoteSwiftPackageReference "liquid" */,
				C3B9FFB22E405D190041E5E4 /* XCRemoteSwiftPackageReference "ActivityIndicatorView" */,
				C3B9FFB32E405D8A0041E5E4 /* XCRemoteSwiftPackageReference "Inject" */,
				C392A1532E4076B000A1C052 /* XCRemoteSwiftPackageReference "GRDB.swift" */,
			);
			preferredProjectObjectVersion = 77;
			productRefGroup = C37525B32E3D5E9500505277 /* Products */;
			projectDirPath = "";
			projectRoot = "";
			targets = (
				C37525B12E3D5E9500505277 /* LuminaDex */,
				C37525BE2E3D5E9600505277 /* LuminaDexTests */,
				C37525C82E3D5E9600505277 /* LuminaDexUITests */,
			);
		};
/* End PBXProject section */

/* Begin PBXResourcesBuildPhase section */
		C37525B02E3D5E9500505277 /* Resources */ = {
			isa = PBXResourcesBuildPhase;
			buildActionMask = 2147483647;
			files = (
				C37525E62E3D61A200505277 /* Assets.xcassets in Resources */,
			);
			runOnlyForDeploymentPostprocessing = 0;
		};
		C37525BD2E3D5E9600505277 /* Resources */ = {
			isa = PBXResourcesBuildPhase;
			buildActionMask = 2147483647;
			files = (
			);
			runOnlyForDeploymentPostprocessing = 0;
		};
		C37525C72E3D5E9600505277 /* Resources */ = {
			isa = PBXResourcesBuildPhase;
			buildActionMask = 2147483647;
			files = (
			);
			runOnlyForDeploymentPostprocessing = 0;
		};
/* End PBXResourcesBuildPhase section */

/* Begin PBXShellScriptBuildPhase section */
		C37525F52E3D6A5100505277 /* SwiftLint */ = {
			isa = PBXShellScriptBuildPhase;
			buildActionMask = 2147483647;
			files = (
			);
			inputFileListPaths = (
			);
			inputPaths = (
				"$(SRCROOT)/.swiftlint.yml",
			);
			name = SwiftLint;
			outputFileListPaths = (
			);
			outputPaths = (
				"$(DERIVED_FILE_DIR)/swiftlint.log",
			);
			runOnlyForDeploymentPostprocessing = 0;
			shellPath = /bin/sh;
			shellScript = "# Type a script or drag a script file from your workspace to insert its path.\nif test -d \"/opt/homebrew/bin/\"; then\n  PATH=\"/opt/homebrew/bin/:${PATH}\"\nfi\n\nexport PATH\n\nif which swiftlint >/dev/null; then\n  swiftlint --config \"${SRCROOT}/.swiftlint.yml\" || true\nelse\n  echo \"warning: SwiftLint not installed\"\nfi\n";
		};
/* End PBXShellScriptBuildPhase section */

/* Begin PBXSourcesBuildPhase section */
		C37525AE2E3D5E9500505277 /* Sources */ = {
			isa = PBXSourcesBuildPhase;
			buildActionMask = 2147483647;
			files = (
				C37525E72E3D61A200505277 /* LuminaDexApp.swift in Sources */,
				C37525F92E3D73A000505277 /* Pokemon.swift in Sources */,
				C3F9329A2E42F10B0035999C /* TypeBadgeView.swift in Sources */,
				C3F9329B2E42F10B0035999C /* MovesSection.swift in Sources */,
				C3F9329C2E42F10B0035999C /* ShimmerModifier.swift in Sources */,
				C3F9329D2E42F10B0035999C /* PokemonCardShimmer.swift in Sources */,
				C3253DF22E443912002B742E /* Advanced3DDNAHelixView.swift in Sources */,
				C3253DF32E443912002B742E /* EnhancedDNAHelixViewer.swift in Sources */,
				C3253DF42E443912002B742E /* DNAViewModel.swift in Sources */,
				C3253DF52E443912002B742E /* UltraDNAHelixView.swift in Sources */,
				C3F9329E2E42F10B0035999C /* AbilityCloudView.swift in Sources */,
				C3F9329F2E42F10B0035999C /* FilterModal.swift in Sources */,
				C3253D782E432F35002B742E /* PokemonCatchRateCard.swift in Sources */,
				C3F932A02E42F10B0035999C /* TypedActivityIndicator.swift in Sources */,
				C3F932A12E42F10B0035999C /* EnhancedSearchBar.swift in Sources */,
				C37525FB2E3D74B100505277 /* PokemonType.swift in Sources */,
				C3B9FF872E3FFD470041E5E4 /* CollectionComponents.swift in Sources */,
				C3B9FF852E3FFCFA0041E5E4 /* PokemonListCard.swift in Sources */,
				C37525FF2E3D75A200505277 /* Stats.swift in Sources */,
				C3B9FF9C2E4038280041E5E4 /* TypeRelationshipNetwork.swift in Sources */,
				C37525FD2E3D757100505277 /* Region.swift in Sources */,
				C37526032E3D771200505277 /* PokemonRepository.swift in Sources */,
				C3253D692E430274002B742E /* CelebrationAnimations.swift in Sources */,
				C3253D6A2E430274002B742E /* CompleteInfoDisplay.swift in Sources */,
				C3253D6B2E430274002B742E /* WeaknessResistanceCard.swift in Sources */,
				C3253D6C2E430274002B742E /* FormSwitcher.swift in Sources */,
				C36019A62E3E9488000BE42C /* TypeFlow.swift in Sources */,
				C36019A72E3E9488000BE42C /* NeuralFlowMapView.swift in Sources */,
				C32CB5B12E418AD6001583AF /* ComparisonViewModel.swift in Sources */,
				C32CB5B22E418AD6001583AF /* ComparisonChart.swift in Sources */,
				C3253DC02E43DF19002B742E /* BerryFetcher.swift in Sources */,
				C32CB5B62E418AD6001583AF /* ComparisonView.swift in Sources */,
				C32CB5B72E418AD6001583AF /* ComparisonCard.swift in Sources */,
				C3253D842E439515002B742E /* MoveDetailView.swift in Sources */,
				C3253D852E439515002B742E /* DamageCalculatorView.swift in Sources */,
				C3253D862E439515002B742E /* MoveEncyclopediaView.swift in Sources */,
				C32CB5B92E418AD6001583AF /* SizeComparisonView.swift in Sources */,
				C3253D762E432C21002B742E /* PokeballCollectionView.swift in Sources */,
				C3B9FF962E402D500041E5E4 /* RadarChart.swift in Sources */,
				C36019A82E3E9488000BE42C /* StarFieldView.swift in Sources */,
				C3253DCE2E43E522002B742E /* GymBadgeListView.swift in Sources */,
				C3253DCF2E43E522002B742E /* CharacterListView.swift in Sources */,
				C3253DD02E43E522002B742E /* GymBadgeDetailView.swift in Sources */,
				C37CA9012E3EE5B3002F20DB /* MetalDNAHelixView.swift in Sources */,
				C3B9FF982E4034E50041E5E4 /* MLBarCharts.swift in Sources */,
				C3B9FF9A2E40364E0041E5E4 /* InteractiveChartSystem.swift in Sources */,
				C36019A92E3E9488000BE42C /* RegionNode.swift in Sources */,
				C3253D742E432C05002B742E /* PokeballData.swift in Sources */,
				C3B9FF892E3FFD840041E5E4 /* Pokemon+Collection.swift in Sources */,
				C37CA9052E3EE9EE002F20DB /* PokemonDetailView.swift in Sources */,
				C3B9FF7D2E3FEA730041E5E4 /* AlakazamAssistant.swift in Sources */,
				C37CA8FD2E3EBECB002F20DB /* DynamicIslandManager.swift in Sources */,
				C36019AA2E3E9488000BE42C /* RegionBubbleCard.swift in Sources */,
				C3253D802E4394F5002B742E /* PokemonPickerView.swift in Sources */,
				C3253D8C2E439B12002B742E /* MoveTypeBadge.swift in Sources */,
				C3F932852E42F0BF0035999C /* KeychainManager.swift in Sources */,
				C3F932892E42F0CF0035999C /* FilterQueries.swift in Sources */,
				C3F932862E42F0BF0035999C /* PersistentViewModel.swift in Sources */,
				C3F932872E42F0BF0035999C /* DefaultsKeys.swift in Sources */,
				C3253DC32E43DF28002B742E /* BerryListView.swift in Sources */,
				C3253DC42E43DF28002B742E /* BerryDetailView.swift in Sources */,
				C37CA8F32E3EB198002F20DB /* CompanionSprite.swift in Sources */,
				C37CA8F72E3EB21F002F20DB /* CompanionData.swift in Sources */,
				C37CA8F42E3EB198002F20DB /* CompanionSystem.swift in Sources */,
				C3253D8A2E4398F4002B742E /* PokemonMovesDetailSection.swift in Sources */,
				C3B9FF812E3FFC670041E5E4 /* CollectionViewModel.swift in Sources */,
				C3B9FF8D2E40022F0041E5E4 /* AchievementsView.swift in Sources */,
				C37CA8F52E3EB198002F20DB /* CompanionSelectionView.swift in Sources */,
				C37CA9072E3EEEFE002F20DB /* EvolutionChainView.swift in Sources */,
				C3B9FF792E3FD07C0041E5E4 /* TypeEffectivenessView.swift in Sources */,
				C3B9FF8B2E4002280041E5E4 /* NeuralNetworkBackground.swift in Sources */,
				C3253D6E2E43263E002B742E /* ShinyPokemonView.swift in Sources */,
				C3B9FF7B2E3FD42E0041E5E4 /* PokemonSearchView.swift in Sources */,
				C3F9328D2E42F0EF0035999C /* FilterViewModel.swift in Sources */,
				C3F9328E2E42F0EF0035999C /* FilterView.swift in Sources */,
				C3B9FF9E2E4039260041E5E4 /* EvolutionTrees.swift in Sources */,
				C3B9FF7F2E3FFBCA0041E5E4 /* CollectionView.swift in Sources */,
				C3B9FFB52E4071FF0041E5E4 /* DataLoadingView.swift in Sources */,
				C36019AB2E3E9489000BE42C /* MapSprite.swift in Sources */,
				C3253D702E432929002B742E /* QuantumSearchEngine.swift in Sources */,
				C37CA9032E3EE5FA002F20DB /* DNAShaders.metal in Sources */,
				C32CB5BE2E418AF4001583AF /* ComparisonQueries.swift in Sources */,
				C37CA8FA2E3EB6A2002F20DB /* LegendaryGuardians.swift in Sources */,
				C3B9FF8F2E40082F0041E5E4 /* ProfileView.swift in Sources */,
				C3B9FFA02E4040930041E5E4 /* EvolutionPerformanceManager.swift in Sources */,
				C37CA8FB2E3EB6A2002F20DB /* MigrationSystem.swift in Sources */,
				C36019AC2E3E9489000BE42C /* SpriteRenderer.swift in Sources */,
				C37525E82E3D61A200505277 /* ContentView.swift in Sources */,
				C37526012E3D764100505277 /* PokemonAPI.swift in Sources */,
				C37CA8FF2E3EE597002F20DB /* DNAHelixViewer.swift in Sources */,
				C37525EF2E3D62A500505277 /* ThemeManager.swift in Sources */,
				C3B9FFBB2E4072150041E5E4 /* PokemonDataFetcher.swift in Sources */,
				C3B9FFBC2E4072150041E5E4 /* ImageManager.swift in Sources */,
				C3B9FFBD2E4072150041E5E4 /* DatabaseRecords.swift in Sources */,
				C3253D7E2E4394E5002B742E /* MoveData.swift in Sources */,
				C3B9FFBE2E4072150041E5E4 /* DatabaseManager.swift in Sources */,
				C3253D882E4398E3002B742E /* MoveDataFetcher.swift in Sources */,
				A1000001E44000000000001 /* NatureData.swift in Sources */,
				C3253DED2E443813002B742E /* AdvancedDNAShaders.metal in Sources */,
				A1000003E44000000000001 /* AbilityData.swift in Sources */,
				A1000005E44000000000001 /* EVIVData.swift in Sources */,
				A1000007E44000000000001 /* BreedingData.swift in Sources */,
				A1000009E44000000000001 /* BerryData.swift in Sources */,
				A1000011E44000000000001 /* ItemData.swift in Sources */,
				C3253DD42E43E9D9002B742E /* CharacterDetailView.swift in Sources */,
				A1000013E44000000000001 /* ComprehensiveFetcher.swift in Sources */,
				A1000015E44000000000001 /* TrainingView.swift in Sources */,
				C3B9FFBF2E4072150041E5E4 /* DatabaseMigrations.swift in Sources */,
				C3253DC72E43E506002B742E /* GymBadgeData.swift in Sources */,
				C3253DC82E43E506002B742E /* CharacterData.swift in Sources */,
				C3253D642E43023C002B742E /* PokemonForms.swift in Sources */,
				C3253D722E432933002B742E /* QuantumSearchView.swift in Sources */,
				C3B9FF832E3FFCE00041E5E4 /* PokemonGridCard.swift in Sources */,
			);
			runOnlyForDeploymentPostprocessing = 0;
		};
		C37525BB2E3D5E9600505277 /* Sources */ = {
			isa = PBXSourcesBuildPhase;
			buildActionMask = 2147483647;
			files = (
			);
			runOnlyForDeploymentPostprocessing = 0;
		};
		C37525C52E3D5E9600505277 /* Sources */ = {
			isa = PBXSourcesBuildPhase;
			buildActionMask = 2147483647;
			files = (
			);
			runOnlyForDeploymentPostprocessing = 0;
		};
/* End PBXSourcesBuildPhase section */

/* Begin PBXTargetDependency section */
		C37525C12E3D5E9600505277 /* PBXTargetDependency */ = {
			isa = PBXTargetDependency;
			target = C37525B12E3D5E9500505277 /* LuminaDex */;
			targetProxy = C37525C02E3D5E9600505277 /* PBXContainerItemProxy */;
		};
		C37525CB2E3D5E9600505277 /* PBXTargetDependency */ = {
			isa = PBXTargetDependency;
			target = C37525B12E3D5E9500505277 /* LuminaDex */;
			targetProxy = C37525CA2E3D5E9600505277 /* PBXContainerItemProxy */;
		};
/* End PBXTargetDependency section */

/* Begin XCBuildConfiguration section */
		C37525D12E3D5E9600505277 /* Debug */ = {
			isa = XCBuildConfiguration;
			buildSettings = {
				ALWAYS_SEARCH_USER_PATHS = NO;
				ASSETCATALOG_COMPILER_GENERATE_SWIFT_ASSET_SYMBOL_EXTENSIONS = YES;
				CLANG_ANALYZER_NONNULL = YES;
				CLANG_ANALYZER_NUMBER_OBJECT_CONVERSION = YES_AGGRESSIVE;
				CLANG_CXX_LANGUAGE_STANDARD = "gnu++20";
				CLANG_ENABLE_MODULES = YES;
				CLANG_ENABLE_OBJC_ARC = YES;
				CLANG_ENABLE_OBJC_WEAK = YES;
				CLANG_WARN_BLOCK_CAPTURE_AUTORELEASING = YES;
				CLANG_WARN_BOOL_CONVERSION = YES;
				CLANG_WARN_COMMA = YES;
				CLANG_WARN_CONSTANT_CONVERSION = YES;
				CLANG_WARN_DEPRECATED_OBJC_IMPLEMENTATIONS = YES;
				CLANG_WARN_DIRECT_OBJC_ISA_USAGE = YES_ERROR;
				CLANG_WARN_DOCUMENTATION_COMMENTS = YES;
				CLANG_WARN_EMPTY_BODY = YES;
				CLANG_WARN_ENUM_CONVERSION = YES;
				CLANG_WARN_INFINITE_RECURSION = YES;
				CLANG_WARN_INT_CONVERSION = YES;
				CLANG_WARN_NON_LITERAL_NULL_CONVERSION = YES;
				CLANG_WARN_OBJC_IMPLICIT_RETAIN_SELF = YES;
				CLANG_WARN_OBJC_LITERAL_CONVERSION = YES;
				CLANG_WARN_OBJC_ROOT_CLASS = YES_ERROR;
				CLANG_WARN_QUOTED_INCLUDE_IN_FRAMEWORK_HEADER = YES;
				CLANG_WARN_RANGE_LOOP_ANALYSIS = YES;
				CLANG_WARN_STRICT_PROTOTYPES = YES;
				CLANG_WARN_SUSPICIOUS_MOVE = YES;
				CLANG_WARN_UNGUARDED_AVAILABILITY = YES_AGGRESSIVE;
				CLANG_WARN_UNREACHABLE_CODE = YES;
				CLANG_WARN__DUPLICATE_METHOD_MATCH = YES;
				COPY_PHASE_STRIP = NO;
				DEBUG_INFORMATION_FORMAT = dwarf;
				DEVELOPMENT_TEAM = 9X494Z3R38;
				ENABLE_STRICT_OBJC_MSGSEND = YES;
				ENABLE_TESTABILITY = YES;
				ENABLE_USER_SCRIPT_SANDBOXING = YES;
				GCC_C_LANGUAGE_STANDARD = gnu17;
				GCC_DYNAMIC_NO_PIC = NO;
				GCC_NO_COMMON_BLOCKS = YES;
				GCC_OPTIMIZATION_LEVEL = 0;
				GCC_PREPROCESSOR_DEFINITIONS = (
					"DEBUG=1",
					"$(inherited)",
				);
				GCC_WARN_64_TO_32_BIT_CONVERSION = YES;
				GCC_WARN_ABOUT_RETURN_TYPE = YES_ERROR;
				GCC_WARN_UNDECLARED_SELECTOR = YES;
				GCC_WARN_UNINITIALIZED_AUTOS = YES_AGGRESSIVE;
				GCC_WARN_UNUSED_FUNCTION = YES;
				GCC_WARN_UNUSED_VARIABLE = YES;
				IPHONEOS_DEPLOYMENT_TARGET = 18.5;
				LOCALIZATION_PREFERS_STRING_CATALOGS = YES;
				MTL_ENABLE_DEBUG_INFO = INCLUDE_SOURCE;
				MTL_FAST_MATH = YES;
				ONLY_ACTIVE_ARCH = YES;
				SDKROOT = iphoneos;
				SWIFT_ACTIVE_COMPILATION_CONDITIONS = "DEBUG $(inherited)";
				SWIFT_OPTIMIZATION_LEVEL = "-Onone";
			};
			name = Debug;
		};
		C37525D22E3D5E9600505277 /* Release */ = {
			isa = XCBuildConfiguration;
			buildSettings = {
				ALWAYS_SEARCH_USER_PATHS = NO;
				ASSETCATALOG_COMPILER_GENERATE_SWIFT_ASSET_SYMBOL_EXTENSIONS = YES;
				CLANG_ANALYZER_NONNULL = YES;
				CLANG_ANALYZER_NUMBER_OBJECT_CONVERSION = YES_AGGRESSIVE;
				CLANG_CXX_LANGUAGE_STANDARD = "gnu++20";
				CLANG_ENABLE_MODULES = YES;
				CLANG_ENABLE_OBJC_ARC = YES;
				CLANG_ENABLE_OBJC_WEAK = YES;
				CLANG_WARN_BLOCK_CAPTURE_AUTORELEASING = YES;
				CLANG_WARN_BOOL_CONVERSION = YES;
				CLANG_WARN_COMMA = YES;
				CLANG_WARN_CONSTANT_CONVERSION = YES;
				CLANG_WARN_DEPRECATED_OBJC_IMPLEMENTATIONS = YES;
				CLANG_WARN_DIRECT_OBJC_ISA_USAGE = YES_ERROR;
				CLANG_WARN_DOCUMENTATION_COMMENTS = YES;
				CLANG_WARN_EMPTY_BODY = YES;
				CLANG_WARN_ENUM_CONVERSION = YES;
				CLANG_WARN_INFINITE_RECURSION = YES;
				CLANG_WARN_INT_CONVERSION = YES;
				CLANG_WARN_NON_LITERAL_NULL_CONVERSION = YES;
				CLANG_WARN_OBJC_IMPLICIT_RETAIN_SELF = YES;
				CLANG_WARN_OBJC_LITERAL_CONVERSION = YES;
				CLANG_WARN_OBJC_ROOT_CLASS = YES_ERROR;
				CLANG_WARN_QUOTED_INCLUDE_IN_FRAMEWORK_HEADER = YES;
				CLANG_WARN_RANGE_LOOP_ANALYSIS = YES;
				CLANG_WARN_STRICT_PROTOTYPES = YES;
				CLANG_WARN_SUSPICIOUS_MOVE = YES;
				CLANG_WARN_UNGUARDED_AVAILABILITY = YES_AGGRESSIVE;
				CLANG_WARN_UNREACHABLE_CODE = YES;
				CLANG_WARN__DUPLICATE_METHOD_MATCH = YES;
				COPY_PHASE_STRIP = NO;
				DEBUG_INFORMATION_FORMAT = "dwarf-with-dsym";
				DEVELOPMENT_TEAM = 9X494Z3R38;
				ENABLE_NS_ASSERTIONS = NO;
				ENABLE_STRICT_OBJC_MSGSEND = YES;
				ENABLE_USER_SCRIPT_SANDBOXING = YES;
				GCC_C_LANGUAGE_STANDARD = gnu17;
				GCC_NO_COMMON_BLOCKS = YES;
				GCC_WARN_64_TO_32_BIT_CONVERSION = YES;
				GCC_WARN_ABOUT_RETURN_TYPE = YES_ERROR;
				GCC_WARN_UNDECLARED_SELECTOR = YES;
				GCC_WARN_UNINITIALIZED_AUTOS = YES_AGGRESSIVE;
				GCC_WARN_UNUSED_FUNCTION = YES;
				GCC_WARN_UNUSED_VARIABLE = YES;
				IPHONEOS_DEPLOYMENT_TARGET = 18.5;
				LOCALIZATION_PREFERS_STRING_CATALOGS = YES;
				MTL_ENABLE_DEBUG_INFO = NO;
				MTL_FAST_MATH = YES;
				SDKROOT = iphoneos;
				SWIFT_COMPILATION_MODE = wholemodule;
				VALIDATE_PRODUCT = YES;
			};
			name = Release;
		};
		C37525D42E3D5E9600505277 /* Debug */ = {
			isa = XCBuildConfiguration;
			buildSettings = {
				ASSETCATALOG_COMPILER_APPICON_NAME = AppIcon;
				ASSETCATALOG_COMPILER_GLOBAL_ACCENT_COLOR_NAME = AccentColor;
				CODE_SIGN_STYLE = Automatic;
				CURRENT_PROJECT_VERSION = 1;
				DEVELOPMENT_TEAM = 9X494Z3R38;
				ENABLE_PREVIEWS = YES;
				GENERATE_INFOPLIST_FILE = YES;
				INFOPLIST_KEY_UIApplicationSceneManifest_Generation = YES;
				INFOPLIST_KEY_UIApplicationSupportsIndirectInputEvents = YES;
				INFOPLIST_KEY_UILaunchScreen_Generation = YES;
				INFOPLIST_KEY_UISupportedInterfaceOrientations_iPad = "UIInterfaceOrientationPortrait UIInterfaceOrientationPortraitUpsideDown UIInterfaceOrientationLandscapeLeft UIInterfaceOrientationLandscapeRight";
				INFOPLIST_KEY_UISupportedInterfaceOrientations_iPhone = "UIInterfaceOrientationPortrait UIInterfaceOrientationLandscapeLeft UIInterfaceOrientationLandscapeRight";
				LD_RUNPATH_SEARCH_PATHS = (
					"$(inherited)",
					"@executable_path/Frameworks",
				);
				MARKETING_VERSION = 1.0;
				PRODUCT_BUNDLE_IDENTIFIER = com.ritwikd.luminadex.LuminaDex;
				PRODUCT_NAME = "$(TARGET_NAME)";
				SWIFT_EMIT_LOC_STRINGS = YES;
				SWIFT_VERSION = 5.0;
				TARGETED_DEVICE_FAMILY = "1,2";
			};
			name = Debug;
		};
		C37525D52E3D5E9600505277 /* Release */ = {
			isa = XCBuildConfiguration;
			buildSettings = {
				ASSETCATALOG_COMPILER_APPICON_NAME = AppIcon;
				ASSETCATALOG_COMPILER_GLOBAL_ACCENT_COLOR_NAME = AccentColor;
				CODE_SIGN_STYLE = Automatic;
				CURRENT_PROJECT_VERSION = 1;
				DEVELOPMENT_TEAM = 9X494Z3R38;
				ENABLE_PREVIEWS = YES;
				GENERATE_INFOPLIST_FILE = YES;
				INFOPLIST_KEY_UIApplicationSceneManifest_Generation = YES;
				INFOPLIST_KEY_UIApplicationSupportsIndirectInputEvents = YES;
				INFOPLIST_KEY_UILaunchScreen_Generation = YES;
				INFOPLIST_KEY_UISupportedInterfaceOrientations_iPad = "UIInterfaceOrientationPortrait UIInterfaceOrientationPortraitUpsideDown UIInterfaceOrientationLandscapeLeft UIInterfaceOrientationLandscapeRight";
				INFOPLIST_KEY_UISupportedInterfaceOrientations_iPhone = "UIInterfaceOrientationPortrait UIInterfaceOrientationLandscapeLeft UIInterfaceOrientationLandscapeRight";
				LD_RUNPATH_SEARCH_PATHS = (
					"$(inherited)",
					"@executable_path/Frameworks",
				);
				MARKETING_VERSION = 1.0;
				PRODUCT_BUNDLE_IDENTIFIER = com.ritwikd.luminadex.LuminaDex;
				PRODUCT_NAME = "$(TARGET_NAME)";
				SWIFT_EMIT_LOC_STRINGS = YES;
				SWIFT_VERSION = 5.0;
				TARGETED_DEVICE_FAMILY = "1,2";
			};
			name = Release;
		};
		C37525D72E3D5E9600505277 /* Debug */ = {
			isa = XCBuildConfiguration;
			buildSettings = {
				BUNDLE_LOADER = "$(TEST_HOST)";
				CODE_SIGN_STYLE = Automatic;
				CURRENT_PROJECT_VERSION = 1;
				DEVELOPMENT_TEAM = 9X494Z3R38;
				GENERATE_INFOPLIST_FILE = YES;
				IPHONEOS_DEPLOYMENT_TARGET = 18.5;
				MARKETING_VERSION = 1.0;
				PRODUCT_BUNDLE_IDENTIFIER = com.ritwikd.luminadex.LuminaDexTests;
				PRODUCT_NAME = "$(TARGET_NAME)";
				SWIFT_EMIT_LOC_STRINGS = NO;
				SWIFT_VERSION = 5.0;
				TARGETED_DEVICE_FAMILY = "1,2";
				TEST_HOST = "$(BUILT_PRODUCTS_DIR)/LuminaDex.app/$(BUNDLE_EXECUTABLE_FOLDER_PATH)/LuminaDex";
			};
			name = Debug;
		};
		C37525D82E3D5E9600505277 /* Release */ = {
			isa = XCBuildConfiguration;
			buildSettings = {
				BUNDLE_LOADER = "$(TEST_HOST)";
				CODE_SIGN_STYLE = Automatic;
				CURRENT_PROJECT_VERSION = 1;
				DEVELOPMENT_TEAM = 9X494Z3R38;
				GENERATE_INFOPLIST_FILE = YES;
				IPHONEOS_DEPLOYMENT_TARGET = 18.5;
				MARKETING_VERSION = 1.0;
				PRODUCT_BUNDLE_IDENTIFIER = com.ritwikd.luminadex.LuminaDexTests;
				PRODUCT_NAME = "$(TARGET_NAME)";
				SWIFT_EMIT_LOC_STRINGS = NO;
				SWIFT_VERSION = 5.0;
				TARGETED_DEVICE_FAMILY = "1,2";
				TEST_HOST = "$(BUILT_PRODUCTS_DIR)/LuminaDex.app/$(BUNDLE_EXECUTABLE_FOLDER_PATH)/LuminaDex";
			};
			name = Release;
		};
		C37525DA2E3D5E9600505277 /* Debug */ = {
			isa = XCBuildConfiguration;
			buildSettings = {
				CODE_SIGN_STYLE = Automatic;
				CURRENT_PROJECT_VERSION = 1;
				DEVELOPMENT_TEAM = 9X494Z3R38;
				GENERATE_INFOPLIST_FILE = YES;
				MARKETING_VERSION = 1.0;
				PRODUCT_BUNDLE_IDENTIFIER = com.ritwikd.luminadex.LuminaDexUITests;
				PRODUCT_NAME = "$(TARGET_NAME)";
				SWIFT_EMIT_LOC_STRINGS = NO;
				SWIFT_VERSION = 5.0;
				TARGETED_DEVICE_FAMILY = "1,2";
				TEST_TARGET_NAME = LuminaDex;
			};
			name = Debug;
		};
		C37525DB2E3D5E9600505277 /* Release */ = {
			isa = XCBuildConfiguration;
			buildSettings = {
				CODE_SIGN_STYLE = Automatic;
				CURRENT_PROJECT_VERSION = 1;
				DEVELOPMENT_TEAM = 9X494Z3R38;
				GENERATE_INFOPLIST_FILE = YES;
				MARKETING_VERSION = 1.0;
				PRODUCT_BUNDLE_IDENTIFIER = com.ritwikd.luminadex.LuminaDexUITests;
				PRODUCT_NAME = "$(TARGET_NAME)";
				SWIFT_EMIT_LOC_STRINGS = NO;
				SWIFT_VERSION = 5.0;
				TARGETED_DEVICE_FAMILY = "1,2";
				TEST_TARGET_NAME = LuminaDex;
			};
			name = Release;
		};
/* End XCBuildConfiguration section */

/* Begin XCConfigurationList section */
		C37525AD2E3D5E9500505277 /* Build configuration list for PBXProject "LuminaDex" */ = {
			isa = XCConfigurationList;
			buildConfigurations = (
				C37525D12E3D5E9600505277 /* Debug */,
				C37525D22E3D5E9600505277 /* Release */,
			);
			defaultConfigurationIsVisible = 0;
			defaultConfigurationName = Release;
		};
		C37525D32E3D5E9600505277 /* Build configuration list for PBXNativeTarget "LuminaDex" */ = {
			isa = XCConfigurationList;
			buildConfigurations = (
				C37525D42E3D5E9600505277 /* Debug */,
				C37525D52E3D5E9600505277 /* Release */,
			);
			defaultConfigurationIsVisible = 0;
			defaultConfigurationName = Release;
		};
		C37525D62E3D5E9600505277 /* Build configuration list for PBXNativeTarget "LuminaDexTests" */ = {
			isa = XCConfigurationList;
			buildConfigurations = (
				C37525D72E3D5E9600505277 /* Debug */,
				C37525D82E3D5E9600505277 /* Release */,
			);
			defaultConfigurationIsVisible = 0;
			defaultConfigurationName = Release;
		};
		C37525D92E3D5E9600505277 /* Build configuration list for PBXNativeTarget "LuminaDexUITests" */ = {
			isa = XCConfigurationList;
			buildConfigurations = (
				C37525DA2E3D5E9600505277 /* Debug */,
				C37525DB2E3D5E9600505277 /* Release */,
			);
			defaultConfigurationIsVisible = 0;
			defaultConfigurationName = Release;
		};
/* End XCConfigurationList section */

/* Begin XCRemoteSwiftPackageReference section */
		C37525F02E3D686200505277 /* XCRemoteSwiftPackageReference "Kingfisher" */ = {
			isa = XCRemoteSwiftPackageReference;
			repositoryURL = "https://github.com/onevcat/Kingfisher.git";
			requirement = {
				kind = upToNextMajorVersion;
				minimumVersion = 8.5.0;
			};
		};
		C37525F12E3D68EA00505277 /* XCRemoteSwiftPackageReference "lottie-ios" */ = {
			isa = XCRemoteSwiftPackageReference;
			repositoryURL = "https://github.com/airbnb/lottie-ios.git";
			requirement = {
				kind = upToNextMajorVersion;
				minimumVersion = 4.5.2;
			};
		};
		C37525F22E3D692000505277 /* XCRemoteSwiftPackageReference "Hero" */ = {
			isa = XCRemoteSwiftPackageReference;
			repositoryURL = "https://github.com/HeroTransitions/Hero.git";
			requirement = {
				kind = upToNextMajorVersion;
				minimumVersion = 1.6.4;
			};
		};
		C37525F32E3D693700505277 /* XCRemoteSwiftPackageReference "SwiftUI-Introspect" */ = {
			isa = XCRemoteSwiftPackageReference;
			repositoryURL = "https://github.com/siteline/SwiftUI-Introspect.git";
			requirement = {
				kind = upToNextMajorVersion;
				minimumVersion = 1.3.0;
			};
		};
		C37525F42E3D695D00505277 /* XCRemoteSwiftPackageReference "PopupView" */ = {
			isa = XCRemoteSwiftPackageReference;
			repositoryURL = "https://github.com/exyte/PopupView.git";
			requirement = {
				kind = upToNextMajorVersion;
				minimumVersion = 4.1.11;
			};
		};
		C392A1532E4076B000A1C052 /* XCRemoteSwiftPackageReference "GRDB.swift" */ = {
			isa = XCRemoteSwiftPackageReference;
			repositoryURL = "https://github.com/groue/GRDB.swift.git";
			requirement = {
				kind = upToNextMajorVersion;
				minimumVersion = 6.0.0;
			};
		};
		C3B9FFA12E405B2D0041E5E4 /* XCRemoteSwiftPackageReference "Nuke" */ = {
			isa = XCRemoteSwiftPackageReference;
			repositoryURL = "https://github.com/kean/Nuke";
			requirement = {
				kind = upToNextMajorVersion;
				minimumVersion = 12.8.0;
			};
		};
		C3B9FFA32E405BB20041E5E4 /* XCRemoteSwiftPackageReference "swift-async-algorithms" */ = {
			isa = XCRemoteSwiftPackageReference;
			repositoryURL = "https://github.com/apple/swift-async-algorithms.git";
			requirement = {
				kind = upToNextMajorVersion;
				minimumVersion = 1.0.4;
			};
		};
		C3B9FFA42E405BC00041E5E4 /* XCRemoteSwiftPackageReference "SwiftUI-Shimmer" */ = {
			isa = XCRemoteSwiftPackageReference;
			repositoryURL = "https://github.com/markiv/SwiftUI-Shimmer";
			requirement = {
				kind = upToNextMajorVersion;
				minimumVersion = 1.5.1;
			};
		};
		C3B9FFA52E405BD20041E5E4 /* XCRemoteSwiftPackageReference "WhatsNewKit" */ = {
			isa = XCRemoteSwiftPackageReference;
			repositoryURL = "https://github.com/SvenTiigi/WhatsNewKit";
			requirement = {
				kind = upToNextMajorVersion;
				minimumVersion = 2.2.1;
			};
		};
		C3B9FFA62E405BEA0041E5E4 /* XCRemoteSwiftPackageReference "ConfettiSwiftUI" */ = {
			isa = XCRemoteSwiftPackageReference;
			repositoryURL = "https://github.com/simibac/ConfettiSwiftUI";
			requirement = {
				kind = upToNextMajorVersion;
				minimumVersion = 2.0.3;
			};
		};
		C3B9FFA72E405C020041E5E4 /* XCRemoteSwiftPackageReference "Pow" */ = {
			isa = XCRemoteSwiftPackageReference;
			repositoryURL = "https://github.com/EmergeTools/Pow";
			requirement = {
				kind = upToNextMajorVersion;
				minimumVersion = 1.0.5;
			};
		};
		C3B9FFA82E405C150041E5E4 /* XCRemoteSwiftPackageReference "Wave" */ = {
			isa = XCRemoteSwiftPackageReference;
			repositoryURL = "https://github.com/jtrivedi/Wave";
			requirement = {
				kind = upToNextMajorVersion;
				minimumVersion = 0.3.3;
			};
		};
		C3B9FFA92E405C200041E5E4 /* XCRemoteSwiftPackageReference "WrappingHStack" */ = {
			isa = XCRemoteSwiftPackageReference;
			repositoryURL = "https://github.com/dkk/WrappingHStack";
			requirement = {
				kind = upToNextMajorVersion;
				minimumVersion = 2.2.11;
			};
		};
		C3B9FFAA2E405C310041E5E4 /* XCRemoteSwiftPackageReference "SwiftUIX" */ = {
			isa = XCRemoteSwiftPackageReference;
			repositoryURL = "https://github.com/SwiftUIX/SwiftUIX";
			requirement = {
				kind = upToNextMajorVersion;
				minimumVersion = 0.2.4;
			};
		};
		C3B9FFAB2E405C420041E5E4 /* XCRemoteSwiftPackageReference "KeychainAccess" */ = {
			isa = XCRemoteSwiftPackageReference;
			repositoryURL = "https://github.com/kishikawakatsumi/KeychainAccess";
			requirement = {
				branch = master;
				kind = branch;
			};
		};
		C3B9FFAC2E405C5A0041E5E4 /* XCRemoteSwiftPackageReference "Pulse" */ = {
			isa = XCRemoteSwiftPackageReference;
			repositoryURL = "https://github.com/kean/Pulse";
			requirement = {
				kind = upToNextMajorVersion;
				minimumVersion = 5.1.4;
			};
		};
		C3B9FFAE2E405C890041E5E4 /* XCRemoteSwiftPackageReference "swiftui-cached-async-image" */ = {
			isa = XCRemoteSwiftPackageReference;
			repositoryURL = "https://github.com/lorenzofiamingo/swiftui-cached-async-image";
			requirement = {
				kind = upToNextMajorVersion;
				minimumVersion = 2.1.1;
			};
		};
		C3B9FFAF2E405CE70041E5E4 /* XCRemoteSwiftPackageReference "Charts" */ = {
			isa = XCRemoteSwiftPackageReference;
			repositoryURL = "https://github.com/danielgindi/Charts";
			requirement = {
				kind = upToNextMajorVersion;
				minimumVersion = 5.1.0;
			};
		};
		C3B9FFB02E405CF70041E5E4 /* XCRemoteSwiftPackageReference "ChartView" */ = {
			isa = XCRemoteSwiftPackageReference;
			repositoryURL = "https://github.com/AppPear/ChartView";
			requirement = {
				kind = upToNextMajorVersion;
				minimumVersion = 1.5.5;
			};
		};
		C3B9FFB12E405D080041E5E4 /* XCRemoteSwiftPackageReference "liquid" */ = {
			isa = XCRemoteSwiftPackageReference;
			repositoryURL = "https://github.com/maustinstar/liquid";
			requirement = {
				branch = master;
				kind = branch;
			};
		};
		C3B9FFB22E405D190041E5E4 /* XCRemoteSwiftPackageReference "ActivityIndicatorView" */ = {
			isa = XCRemoteSwiftPackageReference;
			repositoryURL = "https://github.com/exyte/ActivityIndicatorView";
			requirement = {
				kind = upToNextMajorVersion;
				minimumVersion = 1.2.1;
			};
		};
		C3B9FFB32E405D8A0041E5E4 /* XCRemoteSwiftPackageReference "Inject" */ = {
			isa = XCRemoteSwiftPackageReference;
			repositoryURL = "https://github.com/krzysztofzablocki/Inject";
			requirement = {
				kind = upToNextMajorVersion;
				minimumVersion = 1.5.2;
			};
		};
/* End XCRemoteSwiftPackageReference section */

/* Begin XCSwiftPackageProductDependency section */
		C392A1542E4076D700A1C052 /* GRDB */ = {
			isa = XCSwiftPackageProductDependency;
			package = C392A1532E4076B000A1C052 /* XCRemoteSwiftPackageReference "GRDB.swift" */;
			productName = GRDB;
		};
		C3B900032E40736D0041E5E4 /* SwiftUICharts */ = {
			isa = XCSwiftPackageProductDependency;
			package = C3B9FFB02E405CF70041E5E4 /* XCRemoteSwiftPackageReference "ChartView" */;
			productName = SwiftUICharts;
		};
		C3B900052E40736D0041E5E4 /* Liquid */ = {
			isa = XCSwiftPackageProductDependency;
			package = C3B9FFB12E405D080041E5E4 /* XCRemoteSwiftPackageReference "liquid" */;
			productName = Liquid;
		};
		C3B900072E40736D0041E5E4 /* ActivityIndicatorView */ = {
			isa = XCSwiftPackageProductDependency;
			package = C3B9FFB22E405D190041E5E4 /* XCRemoteSwiftPackageReference "ActivityIndicatorView" */;
			productName = ActivityIndicatorView;
		};
		C3B900092E40736D0041E5E4 /* Inject */ = {
			isa = XCSwiftPackageProductDependency;
			package = C3B9FFB32E405D8A0041E5E4 /* XCRemoteSwiftPackageReference "Inject" */;
			productName = Inject;
		};
		C3B9FFC12E40736D0041E5E4 /* Lottie */ = {
			isa = XCSwiftPackageProductDependency;
			package = C37525F12E3D68EA00505277 /* XCRemoteSwiftPackageReference "lottie-ios" */;
			productName = Lottie;
		};
		C3B9FFC62E40736D0041E5E4 /* Hero */ = {
			isa = XCSwiftPackageProductDependency;
			package = C37525F22E3D692000505277 /* XCRemoteSwiftPackageReference "Hero" */;
			productName = Hero;
		};
		C3B9FFC82E40736D0041E5E4 /* SwiftUIIntrospect */ = {
			isa = XCSwiftPackageProductDependency;
			package = C37525F32E3D693700505277 /* XCRemoteSwiftPackageReference "SwiftUI-Introspect" */;
			productName = SwiftUIIntrospect;
		};
		C3B9FFCD2E40736D0041E5E4 /* SwiftUIIntrospect-Static */ = {
			isa = XCSwiftPackageProductDependency;
			package = C37525F32E3D693700505277 /* XCRemoteSwiftPackageReference "SwiftUI-Introspect" */;
			productName = "SwiftUIIntrospect-Static";
		};
		C3B9FFCF2E40736D0041E5E4 /* PopupView */ = {
			isa = XCSwiftPackageProductDependency;
			package = C37525F42E3D695D00505277 /* XCRemoteSwiftPackageReference "PopupView" */;
			productName = PopupView;
		};
		C3B9FFD12E40736D0041E5E4 /* Nuke */ = {
			isa = XCSwiftPackageProductDependency;
			package = C3B9FFA12E405B2D0041E5E4 /* XCRemoteSwiftPackageReference "Nuke" */;
			productName = Nuke;
		};
		C3B9FFD32E40736D0041E5E4 /* NukeExtensions */ = {
			isa = XCSwiftPackageProductDependency;
			package = C3B9FFA12E405B2D0041E5E4 /* XCRemoteSwiftPackageReference "Nuke" */;
			productName = NukeExtensions;
		};
		C3B9FFD52E40736D0041E5E4 /* NukeUI */ = {
			isa = XCSwiftPackageProductDependency;
			package = C3B9FFA12E405B2D0041E5E4 /* XCRemoteSwiftPackageReference "Nuke" */;
			productName = NukeUI;
		};
		C3B9FFD72E40736D0041E5E4 /* NukeVideo */ = {
			isa = XCSwiftPackageProductDependency;
			package = C3B9FFA12E405B2D0041E5E4 /* XCRemoteSwiftPackageReference "Nuke" */;
			productName = NukeVideo;
		};
		C3B9FFE02E40736D0041E5E4 /* AsyncAlgorithms */ = {
			isa = XCSwiftPackageProductDependency;
			package = C3B9FFA32E405BB20041E5E4 /* XCRemoteSwiftPackageReference "swift-async-algorithms" */;
			productName = AsyncAlgorithms;
		};
		C3B9FFE22E40736D0041E5E4 /* Shimmer */ = {
			isa = XCSwiftPackageProductDependency;
			package = C3B9FFA42E405BC00041E5E4 /* XCRemoteSwiftPackageReference "SwiftUI-Shimmer" */;
			productName = Shimmer;
		};
		C3B9FFE42E40736D0041E5E4 /* WhatsNewKit */ = {
			isa = XCSwiftPackageProductDependency;
			package = C3B9FFA52E405BD20041E5E4 /* XCRemoteSwiftPackageReference "WhatsNewKit" */;
			productName = WhatsNewKit;
		};
		C3B9FFE62E40736D0041E5E4 /* ConfettiSwiftUI */ = {
			isa = XCSwiftPackageProductDependency;
			package = C3B9FFA62E405BEA0041E5E4 /* XCRemoteSwiftPackageReference "ConfettiSwiftUI" */;
			productName = ConfettiSwiftUI;
		};
		C3B9FFE82E40736D0041E5E4 /* Pow */ = {
			isa = XCSwiftPackageProductDependency;
			package = C3B9FFA72E405C020041E5E4 /* XCRemoteSwiftPackageReference "Pow" */;
			productName = Pow;
		};
		C3B9FFEA2E40736D0041E5E4 /* Wave */ = {
			isa = XCSwiftPackageProductDependency;
			package = C3B9FFA82E405C150041E5E4 /* XCRemoteSwiftPackageReference "Wave" */;
			productName = Wave;
		};
		C3B9FFEC2E40736D0041E5E4 /* WrappingHStack */ = {
			isa = XCSwiftPackageProductDependency;
			package = C3B9FFA92E405C200041E5E4 /* XCRemoteSwiftPackageReference "WrappingHStack" */;
			productName = WrappingHStack;
		};
		C3B9FFEE2E40736D0041E5E4 /* SwiftUIX */ = {
			isa = XCSwiftPackageProductDependency;
			package = C3B9FFAA2E405C310041E5E4 /* XCRemoteSwiftPackageReference "SwiftUIX" */;
			productName = SwiftUIX;
		};
		C3B9FFF02E40736D0041E5E4 /* KeychainAccess */ = {
			isa = XCSwiftPackageProductDependency;
			package = C3B9FFAB2E405C420041E5E4 /* XCRemoteSwiftPackageReference "KeychainAccess" */;
			productName = KeychainAccess;
		};
		C3B9FFF22E40736D0041E5E4 /* Pulse */ = {
			isa = XCSwiftPackageProductDependency;
			package = C3B9FFAC2E405C5A0041E5E4 /* XCRemoteSwiftPackageReference "Pulse" */;
			productName = Pulse;
		};
		C3B9FFF42E40736D0041E5E4 /* PulseProxy */ = {
			isa = XCSwiftPackageProductDependency;
			package = C3B9FFAC2E405C5A0041E5E4 /* XCRemoteSwiftPackageReference "Pulse" */;
			productName = PulseProxy;
		};
		C3B9FFF62E40736D0041E5E4 /* PulseUI */ = {
			isa = XCSwiftPackageProductDependency;
			package = C3B9FFAC2E405C5A0041E5E4 /* XCRemoteSwiftPackageReference "Pulse" */;
			productName = PulseUI;
		};
		C3B9FFFC2E40736D0041E5E4 /* CachedAsyncImage */ = {
			isa = XCSwiftPackageProductDependency;
			package = C3B9FFAE2E405C890041E5E4 /* XCRemoteSwiftPackageReference "swiftui-cached-async-image" */;
			productName = CachedAsyncImage;
		};
		C3B9FFFE2E40736D0041E5E4 /* DGCharts */ = {
			isa = XCSwiftPackageProductDependency;
			package = C3B9FFAF2E405CE70041E5E4 /* XCRemoteSwiftPackageReference "Charts" */;
			productName = DGCharts;
		};
/* End XCSwiftPackageProductDependency section */
	};
	rootObject = C37525AA2E3D5E9500505277 /* Project object */;
}
